// !$*UTF8*$!
{
	archiveVersion = 1;
	classes = {
	};
	objectVersion = 56;
	objects = {

/* Begin PBXBuildFile section */
		13034BF82A1B68AE007590A2 /* SettingsView.swift in Sources */ = {isa = PBXBuildFile; fileRef = 13034BF72A1B68AE007590A2 /* SettingsView.swift */; };
		13034BFA2A1B791A007590A2 /* LockView.swift in Sources */ = {isa = PBXBuildFile; fileRef = 13034BF92A1B791A007590A2 /* LockView.swift */; };
		131044FB29DE072500987E07 /* BlankTextButtonStyle.swift in Sources */ = {isa = PBXBuildFile; fileRef = 131044FA29DE072500987E07 /* BlankTextButtonStyle.swift */; };
		134136522A13B2230046B2C5 /* EnterAmountView.swift in Sources */ = {isa = PBXBuildFile; fileRef = 134136512A13B2230046B2C5 /* EnterAmountView.swift */; };
		134136542A16B4A20046B2C5 /* TransactionView.swift in Sources */ = {isa = PBXBuildFile; fileRef = 134136532A16B4A20046B2C5 /* TransactionView.swift */; };
		134136562A16BB190046B2C5 /* DigitsStringModifier.swift in Sources */ = {isa = PBXBuildFile; fileRef = 134136552A16BB190046B2C5 /* DigitsStringModifier.swift */; };
		1352FF9C29FBCEC3002799A9 /* PendingView.swift in Sources */ = {isa = PBXBuildFile; fileRef = 1352FF9B29FBCEC3002799A9 /* PendingView.swift */; };
		1352FF9E29FBD2B9002799A9 /* money.json in Resources */ = {isa = PBXBuildFile; fileRef = 1352FF9D29FBD2B9002799A9 /* money.json */; };
		1352FFA229FBD541002799A9 /* SuccessView.swift in Sources */ = {isa = PBXBuildFile; fileRef = 1352FFA129FBD541002799A9 /* SuccessView.swift */; };
		1387C9AC2A083FA800E27DD8 /* CodeScanner in Frameworks */ = {isa = PBXBuildFile; productRef = 1387C9AB2A083FA800E27DD8 /* CodeScanner */; };
		13B0546929DB16DB006014C0 /* Lottie in Frameworks */ = {isa = PBXBuildFile; productRef = 13B0546829DB16DB006014C0 /* Lottie */; };
		13B0547529DB175D006014C0 /* password.json in Resources */ = {isa = PBXBuildFile; fileRef = 13B0546B29DB175D006014C0 /* password.json */; };
		13B0547629DB175D006014C0 /* teacher.json in Resources */ = {isa = PBXBuildFile; fileRef = 13B0546C29DB175D006014C0 /* teacher.json */; };
		13B0547729DB175D006014C0 /* sad.json in Resources */ = {isa = PBXBuildFile; fileRef = 13B0546D29DB175D006014C0 /* sad.json */; };
		13B0547829DB175D006014C0 /* chik.json in Resources */ = {isa = PBXBuildFile; fileRef = 13B0546E29DB175D006014C0 /* chik.json */; };
		13B0547929DB175D006014C0 /* crystal.json in Resources */ = {isa = PBXBuildFile; fileRef = 13B0546F29DB175D006014C0 /* crystal.json */; };
		13B0547A29DB175D006014C0 /* crystalSlow.json in Resources */ = {isa = PBXBuildFile; fileRef = 13B0547029DB175D006014C0 /* crystalSlow.json */; };
		13B0547B29DB175D006014C0 /* list.json in Resources */ = {isa = PBXBuildFile; fileRef = 13B0547129DB175D006014C0 /* list.json */; };
		13B0547C29DB175D006014C0 /* boomstick.json in Resources */ = {isa = PBXBuildFile; fileRef = 13B0547229DB175D006014C0 /* boomstick.json */; };
		13B0547D29DB175D006014C0 /* wheel.json in Resources */ = {isa = PBXBuildFile; fileRef = 13B0547329DB175D006014C0 /* wheel.json */; };
		13B0547E29DB175D006014C0 /* party.json in Resources */ = {isa = PBXBuildFile; fileRef = 13B0547429DB175D006014C0 /* party.json */; };
		13B0548029DB17EB006014C0 /* LottieView.swift in Sources */ = {isa = PBXBuildFile; fileRef = 13B0547F29DB17EB006014C0 /* LottieView.swift */; };
		13B0548229DC353D006014C0 /* CongratulationView.swift in Sources */ = {isa = PBXBuildFile; fileRef = 13B0548129DC353D006014C0 /* CongratulationView.swift */; };
		13B0548429DC359C006014C0 /* CongratulationReducer.swift in Sources */ = {isa = PBXBuildFile; fileRef = 13B0548329DC359C006014C0 /* CongratulationReducer.swift */; };
		13D218F02A04F964001F351C /* SendView.swift in Sources */ = {isa = PBXBuildFile; fileRef = 13D218EF2A04F964001F351C /* SendView.swift */; };
		13FDFEC129FBFA7200402AF9 /* SuccessReducer.swift in Sources */ = {isa = PBXBuildFile; fileRef = 13FDFEC029FBFA7200402AF9 /* SuccessReducer.swift */; };
		13FDFEC929FC5E8000402AF9 /* CommentTextField.swift in Sources */ = {isa = PBXBuildFile; fileRef = 13FDFEC829FC5E8000402AF9 /* CommentTextField.swift */; };
		61153DD329D8F5AA00D4D030 /* TonWalletContestApp.swift in Sources */ = {isa = PBXBuildFile; fileRef = 61153DD229D8F5AA00D4D030 /* TonWalletContestApp.swift */; };
		61153DD529D8F5AA00D4D030 /* ContentView.swift in Sources */ = {isa = PBXBuildFile; fileRef = 61153DD429D8F5AA00D4D030 /* ContentView.swift */; };
		61153DD729D8F5AB00D4D030 /* Assets.xcassets in Resources */ = {isa = PBXBuildFile; fileRef = 61153DD629D8F5AB00D4D030 /* Assets.xcassets */; };
		61153DDA29D8F5AB00D4D030 /* Preview Assets.xcassets in Resources */ = {isa = PBXBuildFile; fileRef = 61153DD929D8F5AB00D4D030 /* Preview Assets.xcassets */; };
		61153DE429D8F5AB00D4D030 /* TonWalletContestTests.swift in Sources */ = {isa = PBXBuildFile; fileRef = 61153DE329D8F5AB00D4D030 /* TonWalletContestTests.swift */; };
		61153DEE29D8F5AB00D4D030 /* TonWalletContestUITests.swift in Sources */ = {isa = PBXBuildFile; fileRef = 61153DED29D8F5AB00D4D030 /* TonWalletContestUITests.swift */; };
		61153DF029D8F5AB00D4D030 /* TonWalletContestUITestsLaunchTests.swift in Sources */ = {isa = PBXBuildFile; fileRef = 61153DEF29D8F5AB00D4D030 /* TonWalletContestUITestsLaunchTests.swift */; };
		61153DFD29D8F60F00D4D030 /* README.md in Resources */ = {isa = PBXBuildFile; fileRef = 61153DFC29D8F60F00D4D030 /* README.md */; };
		61153E0029D8F76A00D4D030 /* SwiftyTON in Frameworks */ = {isa = PBXBuildFile; productRef = 61153DFF29D8F76A00D4D030 /* SwiftyTON */; };
		61153E0329D8FA5400D4D030 /* ComposableArchitecture in Frameworks */ = {isa = PBXBuildFile; productRef = 61153E0229D8FA5400D4D030 /* ComposableArchitecture */; };
		61153E0529D8FB0300D4D030 /* StartView.swift in Sources */ = {isa = PBXBuildFile; fileRef = 61153E0429D8FB0300D4D030 /* StartView.swift */; };
		61153E0929D8FBDC00D4D030 /* StartReducer.swift in Sources */ = {isa = PBXBuildFile; fileRef = 61153E0829D8FBDC00D4D030 /* StartReducer.swift */; };
		612828382A18BD1D00C5F5BA /* SendReducer.swift in Sources */ = {isa = PBXBuildFile; fileRef = 612828372A18BD1D00C5F5BA /* SendReducer.swift */; };
		6128283A2A18BD7500C5F5BA /* Transaction1.swift in Sources */ = {isa = PBXBuildFile; fileRef = 612828392A18BD7500C5F5BA /* Transaction1.swift */; };
		6133A79D29E1623A008BDF34 /* LegacyTextField.swift in Sources */ = {isa = PBXBuildFile; fileRef = 6133A79C29E1623A008BDF34 /* LegacyTextField.swift */; };
		61374DDB2A19F84C00E44207 /* ChatBubble.swift in Sources */ = {isa = PBXBuildFile; fileRef = 61374DDA2A19F84C00E44207 /* ChatBubble.swift */; };
		61374DE72A1A46D300E44207 /* LoadingViewStyle.swift in Sources */ = {isa = PBXBuildFile; fileRef = 61374DE62A1A46D300E44207 /* LoadingViewStyle.swift */; };
		61374DE92A1A4FD500E44207 /* CustomProgressView.swift in Sources */ = {isa = PBXBuildFile; fileRef = 61374DE82A1A4FD500E44207 /* CustomProgressView.swift */; };
		613D3A0029FEC6AA00243B2E /* RecieveTonView.swift in Sources */ = {isa = PBXBuildFile; fileRef = 613D39FF29FEC6AA00243B2E /* RecieveTonView.swift */; };
		613E65EF2A1B313C009BC34B /* TransactionReducer.swift in Sources */ = {isa = PBXBuildFile; fileRef = 613E65EE2A1B313C009BC34B /* TransactionReducer.swift */; };
		613E65F42A1B31AA009BC34B /* Date+String.swift in Sources */ = {isa = PBXBuildFile; fileRef = 613E65F32A1B31AA009BC34B /* Date+String.swift */; };
		613E65F62A1B3209009BC34B /* TransactionAmountView.swift in Sources */ = {isa = PBXBuildFile; fileRef = 613E65F52A1B3209009BC34B /* TransactionAmountView.swift */; };
		613E65FA2A1B3881009BC34B /* View+CornerRadius.swift in Sources */ = {isa = PBXBuildFile; fileRef = 613E65F92A1B3881009BC34B /* View+CornerRadius.swift */; };
		614B7CF52A1B6E700063C6FE /* TransactionListItemView.swift in Sources */ = {isa = PBXBuildFile; fileRef = 614B7CF42A1B6E700063C6FE /* TransactionListItemView.swift */; };
		614B7D042A1B857B0063C6FE /* ScanQRCodeView.swift in Sources */ = {isa = PBXBuildFile; fileRef = 614B7D032A1B857B0063C6FE /* ScanQRCodeView.swift */; };
		615017B829E0055500AF963D /* TestTimeReducer.swift in Sources */ = {isa = PBXBuildFile; fileRef = 615017B729E0055500AF963D /* TestTimeReducer.swift */; };
		615017BA29E0056D00AF963D /* TestTimeView.swift in Sources */ = {isa = PBXBuildFile; fileRef = 615017B929E0056D00AF963D /* TestTimeView.swift */; };
		615017BF29E019A200AF963D /* PasscodeView+Reducer.swift in Sources */ = {isa = PBXBuildFile; fileRef = 615017BE29E019A200AF963D /* PasscodeView+Reducer.swift */; };
		6152F17D2A04193500F97845 /* SSignal+Catch.m in Sources */ = {isa = PBXBuildFile; fileRef = 6152F1512A04193300F97845 /* SSignal+Catch.m */; };
		6152F17E2A04193500F97845 /* SSignal+Timing.m in Sources */ = {isa = PBXBuildFile; fileRef = 6152F15F2A04193400F97845 /* SSignal+Timing.m */; };
		6152F17F2A04193500F97845 /* STimer.m in Sources */ = {isa = PBXBuildFile; fileRef = 6152F1502A04193300F97845 /* STimer.m */; };
		6152F1802A04193500F97845 /* SSignal+Combine.m in Sources */ = {isa = PBXBuildFile; fileRef = 6152F14C2A04193300F97845 /* SSignal+Combine.m */; };
		6152F1812A04193500F97845 /* SSignal+Pipe.m in Sources */ = {isa = PBXBuildFile; fileRef = 6152F1602A04193400F97845 /* SSignal+Pipe.m */; };
		6152F1822A04193500F97845 /* SThreadPool.m in Sources */ = {isa = PBXBuildFile; fileRef = 6152F16E2A04193400F97845 /* SThreadPool.m */; };
		6152F1832A04193500F97845 /* SSignal+Meta.m in Sources */ = {isa = PBXBuildFile; fileRef = 6152F1772A04193400F97845 /* SSignal+Meta.m */; };
		6152F1842A04193500F97845 /* SSignal+Multicast.m in Sources */ = {isa = PBXBuildFile; fileRef = 6152F1612A04193400F97845 /* SSignal+Multicast.m */; };
		6152F1852A04193500F97845 /* SBlockDisposable.m in Sources */ = {isa = PBXBuildFile; fileRef = 6152F1592A04193400F97845 /* SBlockDisposable.m */; };
		6152F1862A04193500F97845 /* SSignal+Single.m in Sources */ = {isa = PBXBuildFile; fileRef = 6152F16C2A04193400F97845 /* SSignal+Single.m */; };
		6152F1872A04193500F97845 /* SAtomic.m in Sources */ = {isa = PBXBuildFile; fileRef = 6152F1792A04193500F97845 /* SAtomic.m */; };
		6152F1882A04193500F97845 /* SSubscriber.m in Sources */ = {isa = PBXBuildFile; fileRef = 6152F1482A04193300F97845 /* SSubscriber.m */; };
		6152F1892A04193500F97845 /* SSignal+Mapping.m in Sources */ = {isa = PBXBuildFile; fileRef = 6152F1532A04193400F97845 /* SSignal+Mapping.m */; };
		6152F18A2A04193500F97845 /* SMetaDisposable.m in Sources */ = {isa = PBXBuildFile; fileRef = 6152F1712A04193400F97845 /* SMetaDisposable.m */; };
		6152F18B2A04193500F97845 /* SMulticastSignalManager.m in Sources */ = {isa = PBXBuildFile; fileRef = 6152F15B2A04193400F97845 /* SMulticastSignalManager.m */; };
		6152F18C2A04193500F97845 /* SThreadPoolTask.m in Sources */ = {isa = PBXBuildFile; fileRef = 6152F1632A04193400F97845 /* SThreadPoolTask.m */; };
		6152F18D2A04193500F97845 /* SDisposableSet.m in Sources */ = {isa = PBXBuildFile; fileRef = 6152F1562A04193400F97845 /* SDisposableSet.m */; };
		6152F18E2A04193500F97845 /* SSignal+SideEffects.m in Sources */ = {isa = PBXBuildFile; fileRef = 6152F1652A04193400F97845 /* SSignal+SideEffects.m */; };
		6152F18F2A04193500F97845 /* SThreadPoolQueue.m in Sources */ = {isa = PBXBuildFile; fileRef = 6152F1732A04193400F97845 /* SThreadPoolQueue.m */; };
		6152F1902A04193500F97845 /* SVariable.m in Sources */ = {isa = PBXBuildFile; fileRef = 6152F1702A04193400F97845 /* SVariable.m */; };
		6152F1912A04193500F97845 /* SBag.m in Sources */ = {isa = PBXBuildFile; fileRef = 6152F1582A04193400F97845 /* SBag.m */; };
		6152F1922A04193500F97845 /* SSignal+Take.m in Sources */ = {isa = PBXBuildFile; fileRef = 6152F1622A04193400F97845 /* SSignal+Take.m */; };
		6152F1932A04193500F97845 /* SSignal+Dispatch.m in Sources */ = {isa = PBXBuildFile; fileRef = 6152F17C2A04193500F97845 /* SSignal+Dispatch.m */; };
		6152F1942A04193500F97845 /* SSignal+Accumulate.m in Sources */ = {isa = PBXBuildFile; fileRef = 6152F15E2A04193400F97845 /* SSignal+Accumulate.m */; };
		6152F1952A04193500F97845 /* SQueue.m in Sources */ = {isa = PBXBuildFile; fileRef = 6152F1752A04193400F97845 /* SQueue.m */; };
		6152F1962A04193500F97845 /* SSignal.m in Sources */ = {isa = PBXBuildFile; fileRef = 6152F16A2A04193400F97845 /* SSignal.m */; };
		6158D4E129EA88DB00AC467C /* ConfirmPasscodeView+Reducer.swift in Sources */ = {isa = PBXBuildFile; fileRef = 6158D4E029EA88DB00AC467C /* ConfirmPasscodeView+Reducer.swift */; };
		615EDE2329EB41F200D3A220 /* ImportPhraseReducer.swift in Sources */ = {isa = PBXBuildFile; fileRef = 615EDE2229EB41F200D3A220 /* ImportPhraseReducer.swift */; };
		615EDE2529EB420600D3A220 /* ImportPhraseView.swift in Sources */ = {isa = PBXBuildFile; fileRef = 615EDE2429EB420600D3A220 /* ImportPhraseView.swift */; };
		615EDE2929EB4AF800D3A220 /* ImportSuccessReducer.swift in Sources */ = {isa = PBXBuildFile; fileRef = 615EDE2829EB4AF800D3A220 /* ImportSuccessReducer.swift */; };
		615EDE2B29EB4B1400D3A220 /* ImportSuccessView.swift in Sources */ = {isa = PBXBuildFile; fileRef = 615EDE2A29EB4B1400D3A220 /* ImportSuccessView.swift */; };
		61760F4929F9B0A100B2770C /* TonKeyStore.swift in Sources */ = {isa = PBXBuildFile; fileRef = 61760F4829F9B0A100B2770C /* TonKeyStore.swift */; };
		61760F4C29F9BF1C00B2770C /* MainView.swift in Sources */ = {isa = PBXBuildFile; fileRef = 61760F4B29F9BF1C00B2770C /* MainView.swift */; };
		61931D4929FE62E700F54C64 /* QrCode.swift in Sources */ = {isa = PBXBuildFile; fileRef = 61931D4829FE62E700F54C64 /* QrCode.swift */; };
		61931DBA29FE662B00F54C64 /* Subscriber.swift in Sources */ = {isa = PBXBuildFile; fileRef = 61931D9F29FE662B00F54C64 /* Subscriber.swift */; };
		61931DBB29FE662B00F54C64 /* ThreadPool.swift in Sources */ = {isa = PBXBuildFile; fileRef = 61931DA029FE662B00F54C64 /* ThreadPool.swift */; };
		61931DBC29FE662B00F54C64 /* Signal_Catch.swift in Sources */ = {isa = PBXBuildFile; fileRef = 61931DA129FE662B00F54C64 /* Signal_Catch.swift */; };
		61931DBD29FE662B00F54C64 /* Signal_Materialize.swift in Sources */ = {isa = PBXBuildFile; fileRef = 61931DA229FE662B00F54C64 /* Signal_Materialize.swift */; };
		61931DBE29FE662B00F54C64 /* Signal_Reduce.swift in Sources */ = {isa = PBXBuildFile; fileRef = 61931DA329FE662B00F54C64 /* Signal_Reduce.swift */; };
		61931DBF29FE662B00F54C64 /* Signal_Merge.swift in Sources */ = {isa = PBXBuildFile; fileRef = 61931DA429FE662B00F54C64 /* Signal_Merge.swift */; };
		61931DC029FE662B00F54C64 /* Signal_Mapping.swift in Sources */ = {isa = PBXBuildFile; fileRef = 61931DA529FE662B00F54C64 /* Signal_Mapping.swift */; };
		61931DC129FE662B00F54C64 /* Lock.swift in Sources */ = {isa = PBXBuildFile; fileRef = 61931DA629FE662B00F54C64 /* Lock.swift */; };
		61931DC229FE662B00F54C64 /* Timer.swift in Sources */ = {isa = PBXBuildFile; fileRef = 61931DA729FE662B00F54C64 /* Timer.swift */; };
		61931DC329FE662B00F54C64 /* Signal_Dispatch.swift in Sources */ = {isa = PBXBuildFile; fileRef = 61931DA829FE662B00F54C64 /* Signal_Dispatch.swift */; };
		61931DC429FE662B00F54C64 /* QueueLocalObject.swift in Sources */ = {isa = PBXBuildFile; fileRef = 61931DA929FE662B00F54C64 /* QueueLocalObject.swift */; };
		61931DC529FE662B00F54C64 /* Disposable.swift in Sources */ = {isa = PBXBuildFile; fileRef = 61931DAA29FE662B00F54C64 /* Disposable.swift */; };
		61931DC629FE662B00F54C64 /* Multicast.swift in Sources */ = {isa = PBXBuildFile; fileRef = 61931DAB29FE662B00F54C64 /* Multicast.swift */; };
		61931DC729FE662B00F54C64 /* Bag.swift in Sources */ = {isa = PBXBuildFile; fileRef = 61931DAC29FE662B00F54C64 /* Bag.swift */; };
		61931DC829FE662B00F54C64 /* Signal_Single.swift in Sources */ = {isa = PBXBuildFile; fileRef = 61931DAD29FE662B00F54C64 /* Signal_Single.swift */; };
		61931DC929FE662B00F54C64 /* Signal_Take.swift in Sources */ = {isa = PBXBuildFile; fileRef = 61931DAE29FE662B00F54C64 /* Signal_Take.swift */; };
		61931DCA29FE662B00F54C64 /* Signal_SideEffects.swift in Sources */ = {isa = PBXBuildFile; fileRef = 61931DAF29FE662B00F54C64 /* Signal_SideEffects.swift */; };
		61931DCB29FE662B00F54C64 /* Promise.swift in Sources */ = {isa = PBXBuildFile; fileRef = 61931DB029FE662B00F54C64 /* Promise.swift */; };
		61931DCC29FE662B00F54C64 /* Queue.swift in Sources */ = {isa = PBXBuildFile; fileRef = 61931DB129FE662B00F54C64 /* Queue.swift */; };
		61931DCD29FE662B00F54C64 /* Atomic.swift in Sources */ = {isa = PBXBuildFile; fileRef = 61931DB229FE662B00F54C64 /* Atomic.swift */; };
		61931DCE29FE662B00F54C64 /* ValuePipe.swift in Sources */ = {isa = PBXBuildFile; fileRef = 61931DB329FE662B00F54C64 /* ValuePipe.swift */; };
		61931DCF29FE662B00F54C64 /* Signal_Loop.swift in Sources */ = {isa = PBXBuildFile; fileRef = 61931DB429FE662B00F54C64 /* Signal_Loop.swift */; };
		61931DD029FE662B00F54C64 /* Signal.swift in Sources */ = {isa = PBXBuildFile; fileRef = 61931DB529FE662B00F54C64 /* Signal.swift */; };
		61931DD129FE662B00F54C64 /* Signal_Combine.swift in Sources */ = {isa = PBXBuildFile; fileRef = 61931DB629FE662B00F54C64 /* Signal_Combine.swift */; };
		61931DD229FE662B00F54C64 /* Signal_Timing.swift in Sources */ = {isa = PBXBuildFile; fileRef = 61931DB729FE662B00F54C64 /* Signal_Timing.swift */; };
		61931DD329FE662B00F54C64 /* Signal_Meta.swift in Sources */ = {isa = PBXBuildFile; fileRef = 61931DB829FE662B00F54C64 /* Signal_Meta.swift */; };
		61931DD629FE6B9C00F54C64 /* TransformImageArguments.swift in Sources */ = {isa = PBXBuildFile; fileRef = 61931DD529FE6B9C00F54C64 /* TransformImageArguments.swift */; };
		61931DD829FE6BE500F54C64 /* ImageCorner.swift in Sources */ = {isa = PBXBuildFile; fileRef = 61931DD729FE6BE500F54C64 /* ImageCorner.swift */; };
		61931DDA29FE707E00F54C64 /* DrawingContext.swift in Sources */ = {isa = PBXBuildFile; fileRef = 61931DD929FE707E00F54C64 /* DrawingContext.swift */; };
		61931DDC29FE720400F54C64 /* UIKit+Utils.swift in Sources */ = {isa = PBXBuildFile; fileRef = 61931DDB29FE720400F54C64 /* UIKit+Utils.swift */; };
		619D5DBA29E2A75300C01C7A /* SwiftUINavigation in Frameworks */ = {isa = PBXBuildFile; productRef = 619D5DB929E2A75300C01C7A /* SwiftUINavigation */; };
		61B38D5A2A0001DF007BFE31 /* PendingReducer.swift in Sources */ = {isa = PBXBuildFile; fileRef = 13FDFEBD29FBF60000402AF9 /* PendingReducer.swift */; };
		61B38D5B2A0001E5007BFE31 /* ConfirmReducer.swift in Sources */ = {isa = PBXBuildFile; fileRef = 13FDFEC529FC396400402AF9 /* ConfirmReducer.swift */; };
		61B38D5C2A0001FA007BFE31 /* WideBlueTextButtonStyle.swift in Sources */ = {isa = PBXBuildFile; fileRef = 1352FF9F29FBD40C002799A9 /* WideBlueTextButtonStyle.swift */; };
		61DA64A729EBDE80009F8202 /* ImportFailureReducer.swift in Sources */ = {isa = PBXBuildFile; fileRef = 61DA64A629EBDE80009F8202 /* ImportFailureReducer.swift */; };
		61DA64A929EBDE9D009F8202 /* ImportFailureView.swift in Sources */ = {isa = PBXBuildFile; fileRef = 61DA64A829EBDE9D009F8202 /* ImportFailureView.swift */; };
		61DBEDA42A19013800312268 /* MainViewReducer.swift in Sources */ = {isa = PBXBuildFile; fileRef = 61DBEDA32A19013800312268 /* MainViewReducer.swift */; };
		6E11702929EEE9EE00DE473F /* LocalAuthenticationView.swift in Sources */ = {isa = PBXBuildFile; fileRef = 6E11702829EEE9EE00DE473F /* LocalAuthenticationView.swift */; };
		6E38004729DE0464002D6868 /* RecoveryPhraseReducer.swift in Sources */ = {isa = PBXBuildFile; fileRef = 6E38004629DE0464002D6868 /* RecoveryPhraseReducer.swift */; };
		6E38004929DE048E002D6868 /* RecoveryPhraseView.swift in Sources */ = {isa = PBXBuildFile; fileRef = 6E38004829DE048E002D6868 /* RecoveryPhraseView.swift */; };
		6E3EC13429DB0AB10050AA75 /* TonWalletManager.swift in Sources */ = {isa = PBXBuildFile; fileRef = 6E3EC13329DB0AB10050AA75 /* TonWalletManager.swift */; };
		6E4CB0CD2A1553B5003A3B8A /* EnterAmountReducer.swift in Sources */ = {isa = PBXBuildFile; fileRef = 6E4CB0CC2A1553B5003A3B8A /* EnterAmountReducer.swift */; };
		6E4CB0CE2A1556C8003A3B8A /* ConfirmView.swift in Sources */ = {isa = PBXBuildFile; fileRef = 13FDFEC329FC386600402AF9 /* ConfirmView.swift */; };
		6E5D444529DC6406000F95CE /* ButtonTextStyle.swift in Sources */ = {isa = PBXBuildFile; fileRef = 6E5D444429DC6406000F95CE /* ButtonTextStyle.swift */; };
		6E62AEBA2A0FBBE6002EB7ED /* String+Double.swift in Sources */ = {isa = PBXBuildFile; fileRef = 6E62AEB92A0FBBE6002EB7ED /* String+Double.swift */; };
		6EBB474E29F1303D00216832 /* ReadyToGoView.swift in Sources */ = {isa = PBXBuildFile; fileRef = 6EBB474D29F1303D00216832 /* ReadyToGoView.swift */; };
		6EBB475029F1304B00216832 /* ReadyToGoReducer.swift in Sources */ = {isa = PBXBuildFile; fileRef = 6EBB474F29F1304B00216832 /* ReadyToGoReducer.swift */; };
		6ED77F7429EF0466004341AC /* LocalAuthenticationReducer.swift in Sources */ = {isa = PBXBuildFile; fileRef = 6ED77F7329EF0466004341AC /* LocalAuthenticationReducer.swift */; };
/* End PBXBuildFile section */

/* Begin PBXContainerItemProxy section */
		61153DE029D8F5AB00D4D030 /* PBXContainerItemProxy */ = {
			isa = PBXContainerItemProxy;
			containerPortal = 61153DC729D8F5AA00D4D030 /* Project object */;
			proxyType = 1;
			remoteGlobalIDString = 61153DCE29D8F5AA00D4D030;
			remoteInfo = TonWalletContest;
		};
		61153DEA29D8F5AB00D4D030 /* PBXContainerItemProxy */ = {
			isa = PBXContainerItemProxy;
			containerPortal = 61153DC729D8F5AA00D4D030 /* Project object */;
			proxyType = 1;
			remoteGlobalIDString = 61153DCE29D8F5AA00D4D030;
			remoteInfo = TonWalletContest;
		};
/* End PBXContainerItemProxy section */

/* Begin PBXFileReference section */
		13034BF72A1B68AE007590A2 /* SettingsView.swift */ = {isa = PBXFileReference; lastKnownFileType = sourcecode.swift; path = SettingsView.swift; sourceTree = "<group>"; };
		13034BF92A1B791A007590A2 /* LockView.swift */ = {isa = PBXFileReference; lastKnownFileType = sourcecode.swift; path = LockView.swift; sourceTree = "<group>"; };
		131044FA29DE072500987E07 /* BlankTextButtonStyle.swift */ = {isa = PBXFileReference; lastKnownFileType = sourcecode.swift; path = BlankTextButtonStyle.swift; sourceTree = "<group>"; };
		134136512A13B2230046B2C5 /* EnterAmountView.swift */ = {isa = PBXFileReference; lastKnownFileType = sourcecode.swift; path = EnterAmountView.swift; sourceTree = "<group>"; };
		134136532A16B4A20046B2C5 /* TransactionView.swift */ = {isa = PBXFileReference; lastKnownFileType = sourcecode.swift; path = TransactionView.swift; sourceTree = "<group>"; };
		134136552A16BB190046B2C5 /* DigitsStringModifier.swift */ = {isa = PBXFileReference; lastKnownFileType = sourcecode.swift; path = DigitsStringModifier.swift; sourceTree = "<group>"; };
		1352FF9B29FBCEC3002799A9 /* PendingView.swift */ = {isa = PBXFileReference; lastKnownFileType = sourcecode.swift; path = PendingView.swift; sourceTree = "<group>"; };
		1352FF9D29FBD2B9002799A9 /* money.json */ = {isa = PBXFileReference; fileEncoding = 4; lastKnownFileType = text.json; path = money.json; sourceTree = "<group>"; };
		1352FF9F29FBD40C002799A9 /* WideBlueTextButtonStyle.swift */ = {isa = PBXFileReference; lastKnownFileType = sourcecode.swift; path = WideBlueTextButtonStyle.swift; sourceTree = "<group>"; };
		1352FFA129FBD541002799A9 /* SuccessView.swift */ = {isa = PBXFileReference; lastKnownFileType = sourcecode.swift; path = SuccessView.swift; sourceTree = "<group>"; };
		13B0546B29DB175D006014C0 /* password.json */ = {isa = PBXFileReference; fileEncoding = 4; lastKnownFileType = text.json; path = password.json; sourceTree = "<group>"; };
		13B0546C29DB175D006014C0 /* teacher.json */ = {isa = PBXFileReference; fileEncoding = 4; lastKnownFileType = text.json; path = teacher.json; sourceTree = "<group>"; };
		13B0546D29DB175D006014C0 /* sad.json */ = {isa = PBXFileReference; fileEncoding = 4; lastKnownFileType = text.json; path = sad.json; sourceTree = "<group>"; };
		13B0546E29DB175D006014C0 /* chik.json */ = {isa = PBXFileReference; fileEncoding = 4; lastKnownFileType = text.json; path = chik.json; sourceTree = "<group>"; };
		13B0546F29DB175D006014C0 /* crystal.json */ = {isa = PBXFileReference; fileEncoding = 4; lastKnownFileType = text.json; path = crystal.json; sourceTree = "<group>"; };
		13B0547029DB175D006014C0 /* crystalSlow.json */ = {isa = PBXFileReference; fileEncoding = 4; lastKnownFileType = text.json; path = crystalSlow.json; sourceTree = "<group>"; };
		13B0547129DB175D006014C0 /* list.json */ = {isa = PBXFileReference; fileEncoding = 4; lastKnownFileType = text.json; path = list.json; sourceTree = "<group>"; };
		13B0547229DB175D006014C0 /* boomstick.json */ = {isa = PBXFileReference; fileEncoding = 4; lastKnownFileType = text.json; path = boomstick.json; sourceTree = "<group>"; };
		13B0547329DB175D006014C0 /* wheel.json */ = {isa = PBXFileReference; fileEncoding = 4; lastKnownFileType = text.json; path = wheel.json; sourceTree = "<group>"; };
		13B0547429DB175D006014C0 /* party.json */ = {isa = PBXFileReference; fileEncoding = 4; lastKnownFileType = text.json; path = party.json; sourceTree = "<group>"; };
		13B0547F29DB17EB006014C0 /* LottieView.swift */ = {isa = PBXFileReference; lastKnownFileType = sourcecode.swift; name = LottieView.swift; path = TonWalletContest/LottieView.swift; sourceTree = SOURCE_ROOT; };
		13B0548129DC353D006014C0 /* CongratulationView.swift */ = {isa = PBXFileReference; lastKnownFileType = sourcecode.swift; path = CongratulationView.swift; sourceTree = "<group>"; };
		13B0548329DC359C006014C0 /* CongratulationReducer.swift */ = {isa = PBXFileReference; lastKnownFileType = sourcecode.swift; path = CongratulationReducer.swift; sourceTree = "<group>"; };
		13D218EF2A04F964001F351C /* SendView.swift */ = {isa = PBXFileReference; lastKnownFileType = sourcecode.swift; path = SendView.swift; sourceTree = "<group>"; };
		13FDFEBD29FBF60000402AF9 /* PendingReducer.swift */ = {isa = PBXFileReference; lastKnownFileType = sourcecode.swift; path = PendingReducer.swift; sourceTree = "<group>"; };
		13FDFEC029FBFA7200402AF9 /* SuccessReducer.swift */ = {isa = PBXFileReference; lastKnownFileType = sourcecode.swift; path = SuccessReducer.swift; sourceTree = "<group>"; };
		13FDFEC329FC386600402AF9 /* ConfirmView.swift */ = {isa = PBXFileReference; lastKnownFileType = sourcecode.swift; path = ConfirmView.swift; sourceTree = "<group>"; };
		13FDFEC529FC396400402AF9 /* ConfirmReducer.swift */ = {isa = PBXFileReference; lastKnownFileType = sourcecode.swift; path = ConfirmReducer.swift; sourceTree = "<group>"; };
		13FDFEC829FC5E8000402AF9 /* CommentTextField.swift */ = {isa = PBXFileReference; lastKnownFileType = sourcecode.swift; path = CommentTextField.swift; sourceTree = "<group>"; };
		61153DCF29D8F5AA00D4D030 /* TonWalletContest.app */ = {isa = PBXFileReference; explicitFileType = wrapper.application; includeInIndex = 0; path = TonWalletContest.app; sourceTree = BUILT_PRODUCTS_DIR; };
		61153DD229D8F5AA00D4D030 /* TonWalletContestApp.swift */ = {isa = PBXFileReference; lastKnownFileType = sourcecode.swift; path = TonWalletContestApp.swift; sourceTree = "<group>"; };
		61153DD429D8F5AA00D4D030 /* ContentView.swift */ = {isa = PBXFileReference; lastKnownFileType = sourcecode.swift; path = ContentView.swift; sourceTree = "<group>"; };
		61153DD629D8F5AB00D4D030 /* Assets.xcassets */ = {isa = PBXFileReference; lastKnownFileType = folder.assetcatalog; path = Assets.xcassets; sourceTree = "<group>"; };
		61153DD929D8F5AB00D4D030 /* Preview Assets.xcassets */ = {isa = PBXFileReference; lastKnownFileType = folder.assetcatalog; path = "Preview Assets.xcassets"; sourceTree = "<group>"; };
		61153DDF29D8F5AB00D4D030 /* TonWalletContestTests.xctest */ = {isa = PBXFileReference; explicitFileType = wrapper.cfbundle; includeInIndex = 0; path = TonWalletContestTests.xctest; sourceTree = BUILT_PRODUCTS_DIR; };
		61153DE329D8F5AB00D4D030 /* TonWalletContestTests.swift */ = {isa = PBXFileReference; lastKnownFileType = sourcecode.swift; path = TonWalletContestTests.swift; sourceTree = "<group>"; };
		61153DE929D8F5AB00D4D030 /* TonWalletContestUITests.xctest */ = {isa = PBXFileReference; explicitFileType = wrapper.cfbundle; includeInIndex = 0; path = TonWalletContestUITests.xctest; sourceTree = BUILT_PRODUCTS_DIR; };
		61153DED29D8F5AB00D4D030 /* TonWalletContestUITests.swift */ = {isa = PBXFileReference; lastKnownFileType = sourcecode.swift; path = TonWalletContestUITests.swift; sourceTree = "<group>"; };
		61153DEF29D8F5AB00D4D030 /* TonWalletContestUITestsLaunchTests.swift */ = {isa = PBXFileReference; lastKnownFileType = sourcecode.swift; path = TonWalletContestUITestsLaunchTests.swift; sourceTree = "<group>"; };
		61153DFC29D8F60F00D4D030 /* README.md */ = {isa = PBXFileReference; lastKnownFileType = net.daringfireball.markdown; path = README.md; sourceTree = "<group>"; };
		61153E0429D8FB0300D4D030 /* StartView.swift */ = {isa = PBXFileReference; lastKnownFileType = sourcecode.swift; path = StartView.swift; sourceTree = "<group>"; };
		61153E0829D8FBDC00D4D030 /* StartReducer.swift */ = {isa = PBXFileReference; lastKnownFileType = sourcecode.swift; path = StartReducer.swift; sourceTree = "<group>"; };
		612828372A18BD1D00C5F5BA /* SendReducer.swift */ = {isa = PBXFileReference; lastKnownFileType = sourcecode.swift; path = SendReducer.swift; sourceTree = "<group>"; };
		612828392A18BD7500C5F5BA /* Transaction1.swift */ = {isa = PBXFileReference; lastKnownFileType = sourcecode.swift; path = Transaction1.swift; sourceTree = "<group>"; };
		6133A79C29E1623A008BDF34 /* LegacyTextField.swift */ = {isa = PBXFileReference; lastKnownFileType = sourcecode.swift; path = LegacyTextField.swift; sourceTree = "<group>"; };
		61374DDA2A19F84C00E44207 /* ChatBubble.swift */ = {isa = PBXFileReference; lastKnownFileType = sourcecode.swift; path = ChatBubble.swift; sourceTree = "<group>"; };
		61374DE62A1A46D300E44207 /* LoadingViewStyle.swift */ = {isa = PBXFileReference; lastKnownFileType = sourcecode.swift; path = LoadingViewStyle.swift; sourceTree = "<group>"; };
		61374DE82A1A4FD500E44207 /* CustomProgressView.swift */ = {isa = PBXFileReference; lastKnownFileType = sourcecode.swift; path = CustomProgressView.swift; sourceTree = "<group>"; };
		613D39FF29FEC6AA00243B2E /* RecieveTonView.swift */ = {isa = PBXFileReference; lastKnownFileType = sourcecode.swift; path = RecieveTonView.swift; sourceTree = "<group>"; };
		613E65EE2A1B313C009BC34B /* TransactionReducer.swift */ = {isa = PBXFileReference; lastKnownFileType = sourcecode.swift; path = TransactionReducer.swift; sourceTree = "<group>"; };
		613E65F32A1B31AA009BC34B /* Date+String.swift */ = {isa = PBXFileReference; lastKnownFileType = sourcecode.swift; path = "Date+String.swift"; sourceTree = "<group>"; };
		613E65F52A1B3209009BC34B /* TransactionAmountView.swift */ = {isa = PBXFileReference; lastKnownFileType = sourcecode.swift; path = TransactionAmountView.swift; sourceTree = "<group>"; };
		613E65F92A1B3881009BC34B /* View+CornerRadius.swift */ = {isa = PBXFileReference; lastKnownFileType = sourcecode.swift; path = "View+CornerRadius.swift"; sourceTree = "<group>"; };
		614B7CF42A1B6E700063C6FE /* TransactionListItemView.swift */ = {isa = PBXFileReference; lastKnownFileType = sourcecode.swift; path = TransactionListItemView.swift; sourceTree = "<group>"; };
		614B7D032A1B857B0063C6FE /* ScanQRCodeView.swift */ = {isa = PBXFileReference; lastKnownFileType = sourcecode.swift; path = ScanQRCodeView.swift; sourceTree = "<group>"; };
		615017B729E0055500AF963D /* TestTimeReducer.swift */ = {isa = PBXFileReference; lastKnownFileType = sourcecode.swift; path = TestTimeReducer.swift; sourceTree = "<group>"; };
		615017B929E0056D00AF963D /* TestTimeView.swift */ = {isa = PBXFileReference; lastKnownFileType = sourcecode.swift; path = TestTimeView.swift; sourceTree = "<group>"; };
		615017BE29E019A200AF963D /* PasscodeView+Reducer.swift */ = {isa = PBXFileReference; lastKnownFileType = sourcecode.swift; path = "PasscodeView+Reducer.swift"; sourceTree = "<group>"; };
		6152F1472A04193300F97845 /* SSignal+Pipe.h */ = {isa = PBXFileReference; lastKnownFileType = sourcecode.c.h; path = "SSignal+Pipe.h"; sourceTree = "<group>"; };
		6152F1482A04193300F97845 /* SSubscriber.m */ = {isa = PBXFileReference; lastKnownFileType = sourcecode.c.objc; path = SSubscriber.m; sourceTree = "<group>"; };
		6152F1492A04193300F97845 /* SBag.h */ = {isa = PBXFileReference; lastKnownFileType = sourcecode.c.h; path = SBag.h; sourceTree = "<group>"; };
		6152F14A2A04193300F97845 /* SThreadPoolTask.h */ = {isa = PBXFileReference; lastKnownFileType = sourcecode.c.h; path = SThreadPoolTask.h; sourceTree = "<group>"; };
		6152F14B2A04193300F97845 /* SSignal+Dispatch.h */ = {isa = PBXFileReference; lastKnownFileType = sourcecode.c.h; path = "SSignal+Dispatch.h"; sourceTree = "<group>"; };
		6152F14C2A04193300F97845 /* SSignal+Combine.m */ = {isa = PBXFileReference; lastKnownFileType = sourcecode.c.objc; path = "SSignal+Combine.m"; sourceTree = "<group>"; };
		6152F14D2A04193300F97845 /* SSubscriber.h */ = {isa = PBXFileReference; lastKnownFileType = sourcecode.c.h; path = SSubscriber.h; sourceTree = "<group>"; };
		6152F14E2A04193300F97845 /* SSignalKit.h */ = {isa = PBXFileReference; lastKnownFileType = sourcecode.c.h; path = SSignalKit.h; sourceTree = "<group>"; };
		6152F14F2A04193300F97845 /* SBlockDisposable.h */ = {isa = PBXFileReference; lastKnownFileType = sourcecode.c.h; path = SBlockDisposable.h; sourceTree = "<group>"; };
		6152F1502A04193300F97845 /* STimer.m */ = {isa = PBXFileReference; lastKnownFileType = sourcecode.c.objc; path = STimer.m; sourceTree = "<group>"; };
		6152F1512A04193300F97845 /* SSignal+Catch.m */ = {isa = PBXFileReference; lastKnownFileType = sourcecode.c.objc; path = "SSignal+Catch.m"; sourceTree = "<group>"; };
		6152F1522A04193400F97845 /* SSignal+Single.h */ = {isa = PBXFileReference; lastKnownFileType = sourcecode.c.h; path = "SSignal+Single.h"; sourceTree = "<group>"; };
		6152F1532A04193400F97845 /* SSignal+Mapping.m */ = {isa = PBXFileReference; lastKnownFileType = sourcecode.c.objc; path = "SSignal+Mapping.m"; sourceTree = "<group>"; };
		6152F1542A04193400F97845 /* SSignal+Catch.h */ = {isa = PBXFileReference; lastKnownFileType = sourcecode.c.h; path = "SSignal+Catch.h"; sourceTree = "<group>"; };
		6152F1552A04193400F97845 /* SSignal+SideEffects.h */ = {isa = PBXFileReference; lastKnownFileType = sourcecode.c.h; path = "SSignal+SideEffects.h"; sourceTree = "<group>"; };
		6152F1562A04193400F97845 /* SDisposableSet.m */ = {isa = PBXFileReference; lastKnownFileType = sourcecode.c.objc; path = SDisposableSet.m; sourceTree = "<group>"; };
		6152F1572A04193400F97845 /* SAtomic.h */ = {isa = PBXFileReference; lastKnownFileType = sourcecode.c.h; path = SAtomic.h; sourceTree = "<group>"; };
		6152F1582A04193400F97845 /* SBag.m */ = {isa = PBXFileReference; lastKnownFileType = sourcecode.c.objc; path = SBag.m; sourceTree = "<group>"; };
		6152F1592A04193400F97845 /* SBlockDisposable.m */ = {isa = PBXFileReference; lastKnownFileType = sourcecode.c.objc; path = SBlockDisposable.m; sourceTree = "<group>"; };
		6152F15A2A04193400F97845 /* SSignal+Mapping.h */ = {isa = PBXFileReference; lastKnownFileType = sourcecode.c.h; path = "SSignal+Mapping.h"; sourceTree = "<group>"; };
		6152F15B2A04193400F97845 /* SMulticastSignalManager.m */ = {isa = PBXFileReference; lastKnownFileType = sourcecode.c.objc; path = SMulticastSignalManager.m; sourceTree = "<group>"; };
		6152F15C2A04193400F97845 /* STimer.h */ = {isa = PBXFileReference; lastKnownFileType = sourcecode.c.h; path = STimer.h; sourceTree = "<group>"; };
		6152F15D2A04193400F97845 /* SSignal+Combine.h */ = {isa = PBXFileReference; lastKnownFileType = sourcecode.c.h; path = "SSignal+Combine.h"; sourceTree = "<group>"; };
		6152F15E2A04193400F97845 /* SSignal+Accumulate.m */ = {isa = PBXFileReference; lastKnownFileType = sourcecode.c.objc; path = "SSignal+Accumulate.m"; sourceTree = "<group>"; };
		6152F15F2A04193400F97845 /* SSignal+Timing.m */ = {isa = PBXFileReference; lastKnownFileType = sourcecode.c.objc; path = "SSignal+Timing.m"; sourceTree = "<group>"; };
		6152F1602A04193400F97845 /* SSignal+Pipe.m */ = {isa = PBXFileReference; lastKnownFileType = sourcecode.c.objc; path = "SSignal+Pipe.m"; sourceTree = "<group>"; };
		6152F1612A04193400F97845 /* SSignal+Multicast.m */ = {isa = PBXFileReference; lastKnownFileType = sourcecode.c.objc; path = "SSignal+Multicast.m"; sourceTree = "<group>"; };
		6152F1622A04193400F97845 /* SSignal+Take.m */ = {isa = PBXFileReference; lastKnownFileType = sourcecode.c.objc; path = "SSignal+Take.m"; sourceTree = "<group>"; };
		6152F1632A04193400F97845 /* SThreadPoolTask.m */ = {isa = PBXFileReference; lastKnownFileType = sourcecode.c.objc; path = SThreadPoolTask.m; sourceTree = "<group>"; };
		6152F1642A04193400F97845 /* SDisposableSet.h */ = {isa = PBXFileReference; lastKnownFileType = sourcecode.c.h; path = SDisposableSet.h; sourceTree = "<group>"; };
		6152F1652A04193400F97845 /* SSignal+SideEffects.m */ = {isa = PBXFileReference; lastKnownFileType = sourcecode.c.objc; path = "SSignal+SideEffects.m"; sourceTree = "<group>"; };
		6152F1662A04193400F97845 /* SQueue.h */ = {isa = PBXFileReference; lastKnownFileType = sourcecode.c.h; path = SQueue.h; sourceTree = "<group>"; };
		6152F1672A04193400F97845 /* SSignal+Timing.h */ = {isa = PBXFileReference; lastKnownFileType = sourcecode.c.h; path = "SSignal+Timing.h"; sourceTree = "<group>"; };
		6152F1682A04193400F97845 /* SSignal+Accumulate.h */ = {isa = PBXFileReference; lastKnownFileType = sourcecode.c.h; path = "SSignal+Accumulate.h"; sourceTree = "<group>"; };
		6152F1692A04193400F97845 /* SMulticastSignalManager.h */ = {isa = PBXFileReference; lastKnownFileType = sourcecode.c.h; path = SMulticastSignalManager.h; sourceTree = "<group>"; };
		6152F16A2A04193400F97845 /* SSignal.m */ = {isa = PBXFileReference; lastKnownFileType = sourcecode.c.objc; path = SSignal.m; sourceTree = "<group>"; };
		6152F16B2A04193400F97845 /* SMetaDisposable.h */ = {isa = PBXFileReference; lastKnownFileType = sourcecode.c.h; path = SMetaDisposable.h; sourceTree = "<group>"; };
		6152F16C2A04193400F97845 /* SSignal+Single.m */ = {isa = PBXFileReference; lastKnownFileType = sourcecode.c.objc; path = "SSignal+Single.m"; sourceTree = "<group>"; };
		6152F16D2A04193400F97845 /* SSignal.h */ = {isa = PBXFileReference; lastKnownFileType = sourcecode.c.h; path = SSignal.h; sourceTree = "<group>"; };
		6152F16E2A04193400F97845 /* SThreadPool.m */ = {isa = PBXFileReference; lastKnownFileType = sourcecode.c.objc; path = SThreadPool.m; sourceTree = "<group>"; };
		6152F16F2A04193400F97845 /* SSignal+Meta.h */ = {isa = PBXFileReference; lastKnownFileType = sourcecode.c.h; path = "SSignal+Meta.h"; sourceTree = "<group>"; };
		6152F1702A04193400F97845 /* SVariable.m */ = {isa = PBXFileReference; lastKnownFileType = sourcecode.c.objc; path = SVariable.m; sourceTree = "<group>"; };
		6152F1712A04193400F97845 /* SMetaDisposable.m */ = {isa = PBXFileReference; lastKnownFileType = sourcecode.c.objc; path = SMetaDisposable.m; sourceTree = "<group>"; };
		6152F1722A04193400F97845 /* SSignal+Take.h */ = {isa = PBXFileReference; lastKnownFileType = sourcecode.c.h; path = "SSignal+Take.h"; sourceTree = "<group>"; };
		6152F1732A04193400F97845 /* SThreadPoolQueue.m */ = {isa = PBXFileReference; lastKnownFileType = sourcecode.c.objc; path = SThreadPoolQueue.m; sourceTree = "<group>"; };
		6152F1742A04193400F97845 /* SThreadPool.h */ = {isa = PBXFileReference; lastKnownFileType = sourcecode.c.h; path = SThreadPool.h; sourceTree = "<group>"; };
		6152F1752A04193400F97845 /* SQueue.m */ = {isa = PBXFileReference; lastKnownFileType = sourcecode.c.objc; path = SQueue.m; sourceTree = "<group>"; };
		6152F1762A04193400F97845 /* SThreadPoolQueue.h */ = {isa = PBXFileReference; lastKnownFileType = sourcecode.c.h; path = SThreadPoolQueue.h; sourceTree = "<group>"; };
		6152F1772A04193400F97845 /* SSignal+Meta.m */ = {isa = PBXFileReference; lastKnownFileType = sourcecode.c.objc; path = "SSignal+Meta.m"; sourceTree = "<group>"; };
		6152F1782A04193500F97845 /* SSignal+Multicast.h */ = {isa = PBXFileReference; lastKnownFileType = sourcecode.c.h; path = "SSignal+Multicast.h"; sourceTree = "<group>"; };
		6152F1792A04193500F97845 /* SAtomic.m */ = {isa = PBXFileReference; lastKnownFileType = sourcecode.c.objc; path = SAtomic.m; sourceTree = "<group>"; };
		6152F17A2A04193500F97845 /* SDisposable.h */ = {isa = PBXFileReference; lastKnownFileType = sourcecode.c.h; path = SDisposable.h; sourceTree = "<group>"; };
		6152F17B2A04193500F97845 /* SVariable.h */ = {isa = PBXFileReference; lastKnownFileType = sourcecode.c.h; path = SVariable.h; sourceTree = "<group>"; };
		6152F17C2A04193500F97845 /* SSignal+Dispatch.m */ = {isa = PBXFileReference; lastKnownFileType = sourcecode.c.objc; path = "SSignal+Dispatch.m"; sourceTree = "<group>"; };
		6158D4E029EA88DB00AC467C /* ConfirmPasscodeView+Reducer.swift */ = {isa = PBXFileReference; lastKnownFileType = sourcecode.swift; path = "ConfirmPasscodeView+Reducer.swift"; sourceTree = "<group>"; };
		615EDE2229EB41F200D3A220 /* ImportPhraseReducer.swift */ = {isa = PBXFileReference; lastKnownFileType = sourcecode.swift; path = ImportPhraseReducer.swift; sourceTree = "<group>"; };
		615EDE2429EB420600D3A220 /* ImportPhraseView.swift */ = {isa = PBXFileReference; lastKnownFileType = sourcecode.swift; path = ImportPhraseView.swift; sourceTree = "<group>"; };
		615EDE2829EB4AF800D3A220 /* ImportSuccessReducer.swift */ = {isa = PBXFileReference; lastKnownFileType = sourcecode.swift; path = ImportSuccessReducer.swift; sourceTree = "<group>"; };
		615EDE2A29EB4B1400D3A220 /* ImportSuccessView.swift */ = {isa = PBXFileReference; lastKnownFileType = sourcecode.swift; path = ImportSuccessView.swift; sourceTree = "<group>"; };
		61760F4829F9B0A100B2770C /* TonKeyStore.swift */ = {isa = PBXFileReference; lastKnownFileType = sourcecode.swift; path = TonKeyStore.swift; sourceTree = "<group>"; };
		61760F4B29F9BF1C00B2770C /* MainView.swift */ = {isa = PBXFileReference; lastKnownFileType = sourcecode.swift; path = MainView.swift; sourceTree = "<group>"; };
		61931D4829FE62E700F54C64 /* QrCode.swift */ = {isa = PBXFileReference; lastKnownFileType = sourcecode.swift; path = QrCode.swift; sourceTree = "<group>"; };
		61931D9F29FE662B00F54C64 /* Subscriber.swift */ = {isa = PBXFileReference; fileEncoding = 4; lastKnownFileType = sourcecode.swift; path = Subscriber.swift; sourceTree = "<group>"; };
		61931DA029FE662B00F54C64 /* ThreadPool.swift */ = {isa = PBXFileReference; fileEncoding = 4; lastKnownFileType = sourcecode.swift; path = ThreadPool.swift; sourceTree = "<group>"; };
		61931DA129FE662B00F54C64 /* Signal_Catch.swift */ = {isa = PBXFileReference; fileEncoding = 4; lastKnownFileType = sourcecode.swift; path = Signal_Catch.swift; sourceTree = "<group>"; };
		61931DA229FE662B00F54C64 /* Signal_Materialize.swift */ = {isa = PBXFileReference; fileEncoding = 4; lastKnownFileType = sourcecode.swift; path = Signal_Materialize.swift; sourceTree = "<group>"; };
		61931DA329FE662B00F54C64 /* Signal_Reduce.swift */ = {isa = PBXFileReference; fileEncoding = 4; lastKnownFileType = sourcecode.swift; path = Signal_Reduce.swift; sourceTree = "<group>"; };
		61931DA429FE662B00F54C64 /* Signal_Merge.swift */ = {isa = PBXFileReference; fileEncoding = 4; lastKnownFileType = sourcecode.swift; path = Signal_Merge.swift; sourceTree = "<group>"; };
		61931DA529FE662B00F54C64 /* Signal_Mapping.swift */ = {isa = PBXFileReference; fileEncoding = 4; lastKnownFileType = sourcecode.swift; path = Signal_Mapping.swift; sourceTree = "<group>"; };
		61931DA629FE662B00F54C64 /* Lock.swift */ = {isa = PBXFileReference; fileEncoding = 4; lastKnownFileType = sourcecode.swift; path = Lock.swift; sourceTree = "<group>"; };
		61931DA729FE662B00F54C64 /* Timer.swift */ = {isa = PBXFileReference; fileEncoding = 4; lastKnownFileType = sourcecode.swift; path = Timer.swift; sourceTree = "<group>"; };
		61931DA829FE662B00F54C64 /* Signal_Dispatch.swift */ = {isa = PBXFileReference; fileEncoding = 4; lastKnownFileType = sourcecode.swift; path = Signal_Dispatch.swift; sourceTree = "<group>"; };
		61931DA929FE662B00F54C64 /* QueueLocalObject.swift */ = {isa = PBXFileReference; fileEncoding = 4; lastKnownFileType = sourcecode.swift; path = QueueLocalObject.swift; sourceTree = "<group>"; };
		61931DAA29FE662B00F54C64 /* Disposable.swift */ = {isa = PBXFileReference; fileEncoding = 4; lastKnownFileType = sourcecode.swift; path = Disposable.swift; sourceTree = "<group>"; };
		61931DAB29FE662B00F54C64 /* Multicast.swift */ = {isa = PBXFileReference; fileEncoding = 4; lastKnownFileType = sourcecode.swift; path = Multicast.swift; sourceTree = "<group>"; };
		61931DAC29FE662B00F54C64 /* Bag.swift */ = {isa = PBXFileReference; fileEncoding = 4; lastKnownFileType = sourcecode.swift; path = Bag.swift; sourceTree = "<group>"; };
		61931DAD29FE662B00F54C64 /* Signal_Single.swift */ = {isa = PBXFileReference; fileEncoding = 4; lastKnownFileType = sourcecode.swift; path = Signal_Single.swift; sourceTree = "<group>"; };
		61931DAE29FE662B00F54C64 /* Signal_Take.swift */ = {isa = PBXFileReference; fileEncoding = 4; lastKnownFileType = sourcecode.swift; path = Signal_Take.swift; sourceTree = "<group>"; };
		61931DAF29FE662B00F54C64 /* Signal_SideEffects.swift */ = {isa = PBXFileReference; fileEncoding = 4; lastKnownFileType = sourcecode.swift; path = Signal_SideEffects.swift; sourceTree = "<group>"; };
		61931DB029FE662B00F54C64 /* Promise.swift */ = {isa = PBXFileReference; fileEncoding = 4; lastKnownFileType = sourcecode.swift; path = Promise.swift; sourceTree = "<group>"; };
		61931DB129FE662B00F54C64 /* Queue.swift */ = {isa = PBXFileReference; fileEncoding = 4; lastKnownFileType = sourcecode.swift; path = Queue.swift; sourceTree = "<group>"; };
		61931DB229FE662B00F54C64 /* Atomic.swift */ = {isa = PBXFileReference; fileEncoding = 4; lastKnownFileType = sourcecode.swift; path = Atomic.swift; sourceTree = "<group>"; };
		61931DB329FE662B00F54C64 /* ValuePipe.swift */ = {isa = PBXFileReference; fileEncoding = 4; lastKnownFileType = sourcecode.swift; path = ValuePipe.swift; sourceTree = "<group>"; };
		61931DB429FE662B00F54C64 /* Signal_Loop.swift */ = {isa = PBXFileReference; fileEncoding = 4; lastKnownFileType = sourcecode.swift; path = Signal_Loop.swift; sourceTree = "<group>"; };
		61931DB529FE662B00F54C64 /* Signal.swift */ = {isa = PBXFileReference; fileEncoding = 4; lastKnownFileType = sourcecode.swift; path = Signal.swift; sourceTree = "<group>"; };
		61931DB629FE662B00F54C64 /* Signal_Combine.swift */ = {isa = PBXFileReference; fileEncoding = 4; lastKnownFileType = sourcecode.swift; path = Signal_Combine.swift; sourceTree = "<group>"; };
		61931DB729FE662B00F54C64 /* Signal_Timing.swift */ = {isa = PBXFileReference; fileEncoding = 4; lastKnownFileType = sourcecode.swift; path = Signal_Timing.swift; sourceTree = "<group>"; };
		61931DB829FE662B00F54C64 /* Signal_Meta.swift */ = {isa = PBXFileReference; fileEncoding = 4; lastKnownFileType = sourcecode.swift; path = Signal_Meta.swift; sourceTree = "<group>"; };
		61931DD529FE6B9C00F54C64 /* TransformImageArguments.swift */ = {isa = PBXFileReference; lastKnownFileType = sourcecode.swift; path = TransformImageArguments.swift; sourceTree = "<group>"; };
		61931DD729FE6BE500F54C64 /* ImageCorner.swift */ = {isa = PBXFileReference; lastKnownFileType = sourcecode.swift; path = ImageCorner.swift; sourceTree = "<group>"; };
		61931DD929FE707E00F54C64 /* DrawingContext.swift */ = {isa = PBXFileReference; lastKnownFileType = sourcecode.swift; path = DrawingContext.swift; sourceTree = "<group>"; };
		61931DDB29FE720400F54C64 /* UIKit+Utils.swift */ = {isa = PBXFileReference; lastKnownFileType = sourcecode.swift; path = "UIKit+Utils.swift"; sourceTree = "<group>"; };
		61DA64A629EBDE80009F8202 /* ImportFailureReducer.swift */ = {isa = PBXFileReference; lastKnownFileType = sourcecode.swift; path = ImportFailureReducer.swift; sourceTree = "<group>"; };
		61DA64A829EBDE9D009F8202 /* ImportFailureView.swift */ = {isa = PBXFileReference; lastKnownFileType = sourcecode.swift; path = ImportFailureView.swift; sourceTree = "<group>"; };
		61DBEDA32A19013800312268 /* MainViewReducer.swift */ = {isa = PBXFileReference; lastKnownFileType = sourcecode.swift; path = MainViewReducer.swift; sourceTree = "<group>"; };
		6E11702829EEE9EE00DE473F /* LocalAuthenticationView.swift */ = {isa = PBXFileReference; lastKnownFileType = sourcecode.swift; path = LocalAuthenticationView.swift; sourceTree = "<group>"; };
		6E38004629DE0464002D6868 /* RecoveryPhraseReducer.swift */ = {isa = PBXFileReference; lastKnownFileType = sourcecode.swift; path = RecoveryPhraseReducer.swift; sourceTree = "<group>"; };
		6E38004829DE048E002D6868 /* RecoveryPhraseView.swift */ = {isa = PBXFileReference; lastKnownFileType = sourcecode.swift; path = RecoveryPhraseView.swift; sourceTree = "<group>"; };
		6E3EC13329DB0AB10050AA75 /* TonWalletManager.swift */ = {isa = PBXFileReference; lastKnownFileType = sourcecode.swift; path = TonWalletManager.swift; sourceTree = "<group>"; };
		6E4CB0CC2A1553B5003A3B8A /* EnterAmountReducer.swift */ = {isa = PBXFileReference; lastKnownFileType = sourcecode.swift; path = EnterAmountReducer.swift; sourceTree = "<group>"; };
		6E5D444429DC6406000F95CE /* ButtonTextStyle.swift */ = {isa = PBXFileReference; lastKnownFileType = sourcecode.swift; path = ButtonTextStyle.swift; sourceTree = "<group>"; };
		6E62AEB92A0FBBE6002EB7ED /* String+Double.swift */ = {isa = PBXFileReference; lastKnownFileType = sourcecode.swift; path = "String+Double.swift"; sourceTree = "<group>"; };
		6EBB474D29F1303D00216832 /* ReadyToGoView.swift */ = {isa = PBXFileReference; lastKnownFileType = sourcecode.swift; path = ReadyToGoView.swift; sourceTree = "<group>"; };
		6EBB474F29F1304B00216832 /* ReadyToGoReducer.swift */ = {isa = PBXFileReference; lastKnownFileType = sourcecode.swift; path = ReadyToGoReducer.swift; sourceTree = "<group>"; };
		6ED77F7329EF0466004341AC /* LocalAuthenticationReducer.swift */ = {isa = PBXFileReference; lastKnownFileType = sourcecode.swift; path = LocalAuthenticationReducer.swift; sourceTree = "<group>"; };
/* End PBXFileReference section */

/* Begin PBXFrameworksBuildPhase section */
		61153DCC29D8F5AA00D4D030 /* Frameworks */ = {
			isa = PBXFrameworksBuildPhase;
			buildActionMask = 2147483647;
			files = (
				619D5DBA29E2A75300C01C7A /* SwiftUINavigation in Frameworks */,
				61153E0329D8FA5400D4D030 /* ComposableArchitecture in Frameworks */,
				61153E0029D8F76A00D4D030 /* SwiftyTON in Frameworks */,
				13B0546929DB16DB006014C0 /* Lottie in Frameworks */,
				1387C9AC2A083FA800E27DD8 /* CodeScanner in Frameworks */,
			);
			runOnlyForDeploymentPostprocessing = 0;
		};
		61153DDC29D8F5AB00D4D030 /* Frameworks */ = {
			isa = PBXFrameworksBuildPhase;
			buildActionMask = 2147483647;
			files = (
			);
			runOnlyForDeploymentPostprocessing = 0;
		};
		61153DE629D8F5AB00D4D030 /* Frameworks */ = {
			isa = PBXFrameworksBuildPhase;
			buildActionMask = 2147483647;
			files = (
			);
			runOnlyForDeploymentPostprocessing = 0;
		};
/* End PBXFrameworksBuildPhase section */

/* Begin PBXGroup section */
		1352FFA329FBD711002799A9 /* Modals */ = {
			isa = PBXGroup;
			children = (
				13FDFEBF29FBF60800402AF9 /* Pending */,
				13FDFEC229FBFA7700402AF9 /* Success */,
			);
			path = Modals;
			sourceTree = "<group>";
		};
		13B0546A29DB175D006014C0 /* JsonAnimation */ = {
			isa = PBXGroup;
			children = (
				13B0546B29DB175D006014C0 /* password.json */,
				1352FF9D29FBD2B9002799A9 /* money.json */,
				13B0546C29DB175D006014C0 /* teacher.json */,
				13B0546D29DB175D006014C0 /* sad.json */,
				13B0546E29DB175D006014C0 /* chik.json */,
				13B0546F29DB175D006014C0 /* crystal.json */,
				13B0547029DB175D006014C0 /* crystalSlow.json */,
				13B0547129DB175D006014C0 /* list.json */,
				13B0547229DB175D006014C0 /* boomstick.json */,
				13B0547329DB175D006014C0 /* wheel.json */,
				13B0547429DB175D006014C0 /* party.json */,
			);
			path = JsonAnimation;
			sourceTree = "<group>";
		};
		13FDFEBF29FBF60800402AF9 /* Pending */ = {
			isa = PBXGroup;
			children = (
				1352FF9B29FBCEC3002799A9 /* PendingView.swift */,
				13FDFEBD29FBF60000402AF9 /* PendingReducer.swift */,
			);
			path = Pending;
			sourceTree = "<group>";
		};
		13FDFEC229FBFA7700402AF9 /* Success */ = {
			isa = PBXGroup;
			children = (
				1352FFA129FBD541002799A9 /* SuccessView.swift */,
				13FDFEC029FBFA7200402AF9 /* SuccessReducer.swift */,
			);
			path = Success;
			sourceTree = "<group>";
		};
		13FDFEC729FC396A00402AF9 /* Confirm */ = {
			isa = PBXGroup;
			children = (
				13FDFEC329FC386600402AF9 /* ConfirmView.swift */,
				13FDFEC529FC396400402AF9 /* ConfirmReducer.swift */,
			);
			path = Confirm;
			sourceTree = "<group>";
		};
		61153DC629D8F5AA00D4D030 = {
			isa = PBXGroup;
			children = (
				61153DFC29D8F60F00D4D030 /* README.md */,
				61153DD129D8F5AA00D4D030 /* TonWalletContest */,
				61153DE229D8F5AB00D4D030 /* TonWalletContestTests */,
				61153DEC29D8F5AB00D4D030 /* TonWalletContestUITests */,
				61153DD029D8F5AA00D4D030 /* Products */,
			);
			sourceTree = "<group>";
		};
		61153DD029D8F5AA00D4D030 /* Products */ = {
			isa = PBXGroup;
			children = (
				61153DCF29D8F5AA00D4D030 /* TonWalletContest.app */,
				61153DDF29D8F5AB00D4D030 /* TonWalletContestTests.xctest */,
				61153DE929D8F5AB00D4D030 /* TonWalletContestUITests.xctest */,
			);
			name = Products;
			sourceTree = "<group>";
		};
		61153DD129D8F5AA00D4D030 /* TonWalletContest */ = {
			isa = PBXGroup;
			children = (
				6152F1462A04193300F97845 /* SSignalKit */,
				61931D4A29FE640700F54C64 /* SwiftSignalKit */,
				61931D4729FE62C900F54C64 /* QrCode */,
				6E3EC13229DB0A4D0050AA75 /* Manager */,
				6E5D444329DC63EC000F95CE /* Extensions */,
				61153DD229D8F5AA00D4D030 /* TonWalletContestApp.swift */,
				61153DD429D8F5AA00D4D030 /* ContentView.swift */,
				13B0547F29DB17EB006014C0 /* LottieView.swift */,
				61153DD629D8F5AB00D4D030 /* Assets.xcassets */,
				13B0546A29DB175D006014C0 /* JsonAnimation */,
				61153DD829D8F5AB00D4D030 /* Preview Content */,
				61153E0629D8FB0900D4D030 /* View */,
			);
			path = TonWalletContest;
			sourceTree = "<group>";
		};
		61153DD829D8F5AB00D4D030 /* Preview Content */ = {
			isa = PBXGroup;
			children = (
				61153DD929D8F5AB00D4D030 /* Preview Assets.xcassets */,
			);
			path = "Preview Content";
			sourceTree = "<group>";
		};
		61153DE229D8F5AB00D4D030 /* TonWalletContestTests */ = {
			isa = PBXGroup;
			children = (
				61153DE329D8F5AB00D4D030 /* TonWalletContestTests.swift */,
			);
			path = TonWalletContestTests;
			sourceTree = "<group>";
		};
		61153DEC29D8F5AB00D4D030 /* TonWalletContestUITests */ = {
			isa = PBXGroup;
			children = (
				61153DED29D8F5AB00D4D030 /* TonWalletContestUITests.swift */,
				61153DEF29D8F5AB00D4D030 /* TonWalletContestUITestsLaunchTests.swift */,
			);
			path = TonWalletContestUITests;
			sourceTree = "<group>";
		};
		61153E0629D8FB0900D4D030 /* View */ = {
			isa = PBXGroup;
			children = (
				6E4CB0CF2A156CF8003A3B8A /* Transaction */,
				61760F4A29F9BF0600B2770C /* MainView */,
				6133A79B29E1622E008BDF34 /* CustomViews */,
				615017B529E0050800AF963D /* Authorazation */,
				61374DDA2A19F84C00E44207 /* ChatBubble.swift */,
				13034BF72A1B68AE007590A2 /* SettingsView.swift */,
				13034BF92A1B791A007590A2 /* LockView.swift */,
			);
			path = View;
			sourceTree = "<group>";
		};
		612828352A18BCE000C5F5BA /* EnterAmount */ = {
			isa = PBXGroup;
			children = (
				134136512A13B2230046B2C5 /* EnterAmountView.swift */,
				6E4CB0CC2A1553B5003A3B8A /* EnterAmountReducer.swift */,
			);
			path = EnterAmount;
			sourceTree = "<group>";
		};
		612828362A18BCF000C5F5BA /* SendView */ = {
			isa = PBXGroup;
			children = (
				13D218EF2A04F964001F351C /* SendView.swift */,
				612828372A18BD1D00C5F5BA /* SendReducer.swift */,
			);
			path = SendView;
			sourceTree = "<group>";
		};
		6133A79B29E1622E008BDF34 /* CustomViews */ = {
			isa = PBXGroup;
			children = (
				6133A79C29E1623A008BDF34 /* LegacyTextField.swift */,
				13FDFEC829FC5E8000402AF9 /* CommentTextField.swift */,
				61374DE82A1A4FD500E44207 /* CustomProgressView.swift */,
				613E65F52A1B3209009BC34B /* TransactionAmountView.swift */,
				614B7CF42A1B6E700063C6FE /* TransactionListItemView.swift */,
			);
			path = CustomViews;
			sourceTree = "<group>";
		};
		613D39FE29FEC64800243B2E /* QrCodeView */ = {
			isa = PBXGroup;
			children = (
				613D39FF29FEC6AA00243B2E /* RecieveTonView.swift */,
				614B7D032A1B857B0063C6FE /* ScanQRCodeView.swift */,
			);
			path = QrCodeView;
			sourceTree = "<group>";
		};
		613E65F02A1B3151009BC34B /* TransactionView */ = {
			isa = PBXGroup;
			children = (
				134136532A16B4A20046B2C5 /* TransactionView.swift */,
				613E65EE2A1B313C009BC34B /* TransactionReducer.swift */,
			);
			path = TransactionView;
			sourceTree = "<group>";
		};
		615017B329E004E500AF963D /* Congratulations */ = {
			isa = PBXGroup;
			children = (
				13B0548329DC359C006014C0 /* CongratulationReducer.swift */,
				13B0548129DC353D006014C0 /* CongratulationView.swift */,
			);
			path = Congratulations;
			sourceTree = "<group>";
		};
		615017B429E004F400AF963D /* RecoveryPhrase */ = {
			isa = PBXGroup;
			children = (
				6E38004629DE0464002D6868 /* RecoveryPhraseReducer.swift */,
				6E38004829DE048E002D6868 /* RecoveryPhraseView.swift */,
			);
			path = RecoveryPhrase;
			sourceTree = "<group>";
		};
		615017B529E0050800AF963D /* Authorazation */ = {
			isa = PBXGroup;
			children = (
				6EBB475129F1315900216832 /* ReadyToGo */,
				6ED77F7229EF044B004341AC /* LocalAuthentication */,
				61DA64A529EBDE68009F8202 /* ImportFailure */,
				615EDE2729EB4AD800D3A220 /* ImportSuccess */,
				615EDE2629EB437800D3A220 /* ImportPhrase */,
				615017BB29E0188400AF963D /* Passcode */,
				615017B629E0052200AF963D /* TestTime */,
				615017B429E004F400AF963D /* RecoveryPhrase */,
				615017B329E004E500AF963D /* Congratulations */,
				61CC226129DA089400834E86 /* Start */,
			);
			path = Authorazation;
			sourceTree = "<group>";
		};
		615017B629E0052200AF963D /* TestTime */ = {
			isa = PBXGroup;
			children = (
				615017B729E0055500AF963D /* TestTimeReducer.swift */,
				615017B929E0056D00AF963D /* TestTimeView.swift */,
			);
			path = TestTime;
			sourceTree = "<group>";
		};
		615017BB29E0188400AF963D /* Passcode */ = {
			isa = PBXGroup;
			children = (
				6158D4E029EA88DB00AC467C /* ConfirmPasscodeView+Reducer.swift */,
				615017BE29E019A200AF963D /* PasscodeView+Reducer.swift */,
			);
			path = Passcode;
			sourceTree = "<group>";
		};
		6152F1462A04193300F97845 /* SSignalKit */ = {
			isa = PBXGroup;
			children = (
				6152F14C2A04193300F97845 /* SSignal+Combine.m */,
				6152F1782A04193500F97845 /* SSignal+Multicast.h */,
				6152F14F2A04193300F97845 /* SBlockDisposable.h */,
				6152F1762A04193400F97845 /* SThreadPoolQueue.h */,
				6152F15C2A04193400F97845 /* STimer.h */,
				6152F1792A04193500F97845 /* SAtomic.m */,
				6152F16D2A04193400F97845 /* SSignal.h */,
				6152F1522A04193400F97845 /* SSignal+Single.h */,
				6152F15E2A04193400F97845 /* SSignal+Accumulate.m */,
				6152F1582A04193400F97845 /* SBag.m */,
				6152F1772A04193400F97845 /* SSignal+Meta.m */,
				6152F1652A04193400F97845 /* SSignal+SideEffects.m */,
				6152F16B2A04193400F97845 /* SMetaDisposable.h */,
				6152F1692A04193400F97845 /* SMulticastSignalManager.h */,
				6152F14B2A04193300F97845 /* SSignal+Dispatch.h */,
				6152F15F2A04193400F97845 /* SSignal+Timing.m */,
				6152F14D2A04193300F97845 /* SSubscriber.h */,
				6152F1602A04193400F97845 /* SSignal+Pipe.m */,
				6152F1642A04193400F97845 /* SDisposableSet.h */,
				6152F14A2A04193300F97845 /* SThreadPoolTask.h */,
				6152F17A2A04193500F97845 /* SDisposable.h */,
				6152F1512A04193300F97845 /* SSignal+Catch.m */,
				6152F1662A04193400F97845 /* SQueue.h */,
				6152F1702A04193400F97845 /* SVariable.m */,
				6152F1722A04193400F97845 /* SSignal+Take.h */,
				6152F1532A04193400F97845 /* SSignal+Mapping.m */,
				6152F16E2A04193400F97845 /* SThreadPool.m */,
				6152F1572A04193400F97845 /* SAtomic.h */,
				6152F1502A04193300F97845 /* STimer.m */,
				6152F1732A04193400F97845 /* SThreadPoolQueue.m */,
				6152F1592A04193400F97845 /* SBlockDisposable.m */,
				6152F1612A04193400F97845 /* SSignal+Multicast.m */,
				6152F15D2A04193400F97845 /* SSignal+Combine.h */,
				6152F1672A04193400F97845 /* SSignal+Timing.h */,
				6152F17C2A04193500F97845 /* SSignal+Dispatch.m */,
				6152F1712A04193400F97845 /* SMetaDisposable.m */,
				6152F15B2A04193400F97845 /* SMulticastSignalManager.m */,
				6152F1552A04193400F97845 /* SSignal+SideEffects.h */,
				6152F16F2A04193400F97845 /* SSignal+Meta.h */,
				6152F1492A04193300F97845 /* SBag.h */,
				6152F1682A04193400F97845 /* SSignal+Accumulate.h */,
				6152F16A2A04193400F97845 /* SSignal.m */,
				6152F16C2A04193400F97845 /* SSignal+Single.m */,
				6152F14E2A04193300F97845 /* SSignalKit.h */,
				6152F1632A04193400F97845 /* SThreadPoolTask.m */,
				6152F1562A04193400F97845 /* SDisposableSet.m */,
				6152F1472A04193300F97845 /* SSignal+Pipe.h */,
				6152F1482A04193300F97845 /* SSubscriber.m */,
				6152F1742A04193400F97845 /* SThreadPool.h */,
				6152F1622A04193400F97845 /* SSignal+Take.m */,
				6152F15A2A04193400F97845 /* SSignal+Mapping.h */,
				6152F17B2A04193500F97845 /* SVariable.h */,
				6152F1752A04193400F97845 /* SQueue.m */,
				6152F1542A04193400F97845 /* SSignal+Catch.h */,
			);
			path = SSignalKit;
			sourceTree = "<group>";
		};
		615EDE2629EB437800D3A220 /* ImportPhrase */ = {
			isa = PBXGroup;
			children = (
				615EDE2229EB41F200D3A220 /* ImportPhraseReducer.swift */,
				615EDE2429EB420600D3A220 /* ImportPhraseView.swift */,
			);
			path = ImportPhrase;
			sourceTree = "<group>";
		};
		615EDE2729EB4AD800D3A220 /* ImportSuccess */ = {
			isa = PBXGroup;
			children = (
				615EDE2829EB4AF800D3A220 /* ImportSuccessReducer.swift */,
				615EDE2A29EB4B1400D3A220 /* ImportSuccessView.swift */,
			);
			path = ImportSuccess;
			sourceTree = "<group>";
		};
		61760F4A29F9BF0600B2770C /* MainView */ = {
			isa = PBXGroup;
			children = (
				61760F4B29F9BF1C00B2770C /* MainView.swift */,
				61DBEDA32A19013800312268 /* MainViewReducer.swift */,
			);
			path = MainView;
			sourceTree = "<group>";
		};
		61931D4729FE62C900F54C64 /* QrCode */ = {
			isa = PBXGroup;
			children = (
				61931D4829FE62E700F54C64 /* QrCode.swift */,
				61931DDB29FE720400F54C64 /* UIKit+Utils.swift */,
				61931DD529FE6B9C00F54C64 /* TransformImageArguments.swift */,
				61931DD729FE6BE500F54C64 /* ImageCorner.swift */,
				61931DD929FE707E00F54C64 /* DrawingContext.swift */,
			);
			path = QrCode;
			sourceTree = "<group>";
		};
		61931D4A29FE640700F54C64 /* SwiftSignalKit */ = {
			isa = PBXGroup;
			children = (
				61931D9D29FE662B00F54C64 /* SwiftSignalKit */,
			);
			path = SwiftSignalKit;
			sourceTree = "<group>";
		};
		61931D9D29FE662B00F54C64 /* SwiftSignalKit */ = {
			isa = PBXGroup;
			children = (
				61931D9F29FE662B00F54C64 /* Subscriber.swift */,
				61931DA029FE662B00F54C64 /* ThreadPool.swift */,
				61931DA129FE662B00F54C64 /* Signal_Catch.swift */,
				61931DA229FE662B00F54C64 /* Signal_Materialize.swift */,
				61931DA329FE662B00F54C64 /* Signal_Reduce.swift */,
				61931DA429FE662B00F54C64 /* Signal_Merge.swift */,
				61931DA529FE662B00F54C64 /* Signal_Mapping.swift */,
				61931DA629FE662B00F54C64 /* Lock.swift */,
				61931DA729FE662B00F54C64 /* Timer.swift */,
				61931DA829FE662B00F54C64 /* Signal_Dispatch.swift */,
				61931DA929FE662B00F54C64 /* QueueLocalObject.swift */,
				61931DAA29FE662B00F54C64 /* Disposable.swift */,
				61931DAB29FE662B00F54C64 /* Multicast.swift */,
				61931DAC29FE662B00F54C64 /* Bag.swift */,
				61931DAD29FE662B00F54C64 /* Signal_Single.swift */,
				61931DAE29FE662B00F54C64 /* Signal_Take.swift */,
				61931DAF29FE662B00F54C64 /* Signal_SideEffects.swift */,
				61931DB029FE662B00F54C64 /* Promise.swift */,
				61931DB129FE662B00F54C64 /* Queue.swift */,
				61931DB229FE662B00F54C64 /* Atomic.swift */,
				61931DB329FE662B00F54C64 /* ValuePipe.swift */,
				61931DB429FE662B00F54C64 /* Signal_Loop.swift */,
				61931DB529FE662B00F54C64 /* Signal.swift */,
				61931DB629FE662B00F54C64 /* Signal_Combine.swift */,
				61931DB729FE662B00F54C64 /* Signal_Timing.swift */,
				61931DB829FE662B00F54C64 /* Signal_Meta.swift */,
			);
			path = SwiftSignalKit;
			sourceTree = "<group>";
		};
		61CC226129DA089400834E86 /* Start */ = {
			isa = PBXGroup;
			children = (
				61153E0829D8FBDC00D4D030 /* StartReducer.swift */,
				61153E0429D8FB0300D4D030 /* StartView.swift */,
			);
			path = Start;
			sourceTree = "<group>";
		};
		61DA64A529EBDE68009F8202 /* ImportFailure */ = {
			isa = PBXGroup;
			children = (
				61DA64A629EBDE80009F8202 /* ImportFailureReducer.swift */,
				61DA64A829EBDE9D009F8202 /* ImportFailureView.swift */,
			);
			path = ImportFailure;
			sourceTree = "<group>";
		};
		6E3EC13229DB0A4D0050AA75 /* Manager */ = {
			isa = PBXGroup;
			children = (
				6E3EC13329DB0AB10050AA75 /* TonWalletManager.swift */,
				61760F4829F9B0A100B2770C /* TonKeyStore.swift */,
				612828392A18BD7500C5F5BA /* Transaction1.swift */,
			);
			path = Manager;
			sourceTree = "<group>";
		};
		6E4CB0CF2A156CF8003A3B8A /* Transaction */ = {
			isa = PBXGroup;
			children = (
				613E65F02A1B3151009BC34B /* TransactionView */,
				613D39FE29FEC64800243B2E /* QrCodeView */,
				13FDFEC729FC396A00402AF9 /* Confirm */,
				1352FFA329FBD711002799A9 /* Modals */,
				612828362A18BCF000C5F5BA /* SendView */,
				612828352A18BCE000C5F5BA /* EnterAmount */,
			);
			path = Transaction;
			sourceTree = "<group>";
		};
		6E5D444329DC63EC000F95CE /* Extensions */ = {
			isa = PBXGroup;
			children = (
				6E5D444429DC6406000F95CE /* ButtonTextStyle.swift */,
				61374DE62A1A46D300E44207 /* LoadingViewStyle.swift */,
				134136552A16BB190046B2C5 /* DigitsStringModifier.swift */,
				1352FF9F29FBD40C002799A9 /* WideBlueTextButtonStyle.swift */,
				131044FA29DE072500987E07 /* BlankTextButtonStyle.swift */,
				6E62AEB92A0FBBE6002EB7ED /* String+Double.swift */,
				613E65F32A1B31AA009BC34B /* Date+String.swift */,
				613E65F92A1B3881009BC34B /* View+CornerRadius.swift */,
			);
			path = Extensions;
			sourceTree = "<group>";
		};
		6EBB475129F1315900216832 /* ReadyToGo */ = {
			isa = PBXGroup;
			children = (
				6EBB474F29F1304B00216832 /* ReadyToGoReducer.swift */,
				6EBB474D29F1303D00216832 /* ReadyToGoView.swift */,
			);
			path = ReadyToGo;
			sourceTree = "<group>";
		};
		6ED77F7229EF044B004341AC /* LocalAuthentication */ = {
			isa = PBXGroup;
			children = (
				6E11702829EEE9EE00DE473F /* LocalAuthenticationView.swift */,
				6ED77F7329EF0466004341AC /* LocalAuthenticationReducer.swift */,
			);
			path = LocalAuthentication;
			sourceTree = "<group>";
		};
/* End PBXGroup section */

/* Begin PBXNativeTarget section */
		61153DCE29D8F5AA00D4D030 /* TonWalletContest */ = {
			isa = PBXNativeTarget;
			buildConfigurationList = 61153DF329D8F5AB00D4D030 /* Build configuration list for PBXNativeTarget "TonWalletContest" */;
			buildPhases = (
				61153DCB29D8F5AA00D4D030 /* Sources */,
				61153DCC29D8F5AA00D4D030 /* Frameworks */,
				61153DCD29D8F5AA00D4D030 /* Resources */,
			);
			buildRules = (
			);
			dependencies = (
			);
			name = TonWalletContest;
			packageProductDependencies = (
				61153DFF29D8F76A00D4D030 /* SwiftyTON */,
				61153E0229D8FA5400D4D030 /* ComposableArchitecture */,
				13B0546829DB16DB006014C0 /* Lottie */,
				619D5DB929E2A75300C01C7A /* SwiftUINavigation */,
				1387C9AB2A083FA800E27DD8 /* CodeScanner */,
			);
			productName = TonWalletContest;
			productReference = 61153DCF29D8F5AA00D4D030 /* TonWalletContest.app */;
			productType = "com.apple.product-type.application";
		};
		61153DDE29D8F5AB00D4D030 /* TonWalletContestTests */ = {
			isa = PBXNativeTarget;
			buildConfigurationList = 61153DF629D8F5AB00D4D030 /* Build configuration list for PBXNativeTarget "TonWalletContestTests" */;
			buildPhases = (
				61153DDB29D8F5AB00D4D030 /* Sources */,
				61153DDC29D8F5AB00D4D030 /* Frameworks */,
				61153DDD29D8F5AB00D4D030 /* Resources */,
			);
			buildRules = (
			);
			dependencies = (
				61153DE129D8F5AB00D4D030 /* PBXTargetDependency */,
			);
			name = TonWalletContestTests;
			productName = TonWalletContestTests;
			productReference = 61153DDF29D8F5AB00D4D030 /* TonWalletContestTests.xctest */;
			productType = "com.apple.product-type.bundle.unit-test";
		};
		61153DE829D8F5AB00D4D030 /* TonWalletContestUITests */ = {
			isa = PBXNativeTarget;
			buildConfigurationList = 61153DF929D8F5AB00D4D030 /* Build configuration list for PBXNativeTarget "TonWalletContestUITests" */;
			buildPhases = (
				61153DE529D8F5AB00D4D030 /* Sources */,
				61153DE629D8F5AB00D4D030 /* Frameworks */,
				61153DE729D8F5AB00D4D030 /* Resources */,
			);
			buildRules = (
			);
			dependencies = (
				61153DEB29D8F5AB00D4D030 /* PBXTargetDependency */,
			);
			name = TonWalletContestUITests;
			productName = TonWalletContestUITests;
			productReference = 61153DE929D8F5AB00D4D030 /* TonWalletContestUITests.xctest */;
			productType = "com.apple.product-type.bundle.ui-testing";
		};
/* End PBXNativeTarget section */

/* Begin PBXProject section */
		61153DC729D8F5AA00D4D030 /* Project object */ = {
			isa = PBXProject;
			attributes = {
				BuildIndependentTargetsInParallel = 1;
				LastSwiftUpdateCheck = 1420;
				LastUpgradeCheck = 1420;
				TargetAttributes = {
					61153DCE29D8F5AA00D4D030 = {
						CreatedOnToolsVersion = 14.2;
					};
					61153DDE29D8F5AB00D4D030 = {
						CreatedOnToolsVersion = 14.2;
						TestTargetID = 61153DCE29D8F5AA00D4D030;
					};
					61153DE829D8F5AB00D4D030 = {
						CreatedOnToolsVersion = 14.2;
						TestTargetID = 61153DCE29D8F5AA00D4D030;
					};
				};
			};
			buildConfigurationList = 61153DCA29D8F5AA00D4D030 /* Build configuration list for PBXProject "TonWalletContest" */;
			compatibilityVersion = "Xcode 14.0";
			developmentRegion = en;
			hasScannedForEncodings = 0;
			knownRegions = (
				en,
				Base,
			);
			mainGroup = 61153DC629D8F5AA00D4D030;
			packageReferences = (
				61153DFE29D8F76A00D4D030 /* XCRemoteSwiftPackageReference "SwiftyTON" */,
				61153E0129D8FA5400D4D030 /* XCRemoteSwiftPackageReference "swift-composable-architecture" */,
				13B0546729DB16DB006014C0 /* XCRemoteSwiftPackageReference "lottie-ios" */,
				619D5DB829E2A75300C01C7A /* XCRemoteSwiftPackageReference "swiftui-navigation" */,
				1387C9AA2A083FA800E27DD8 /* XCRemoteSwiftPackageReference "CodeScanner" */,
			);
			productRefGroup = 61153DD029D8F5AA00D4D030 /* Products */;
			projectDirPath = "";
			projectRoot = "";
			targets = (
				61153DCE29D8F5AA00D4D030 /* TonWalletContest */,
				61153DDE29D8F5AB00D4D030 /* TonWalletContestTests */,
				61153DE829D8F5AB00D4D030 /* TonWalletContestUITests */,
			);
		};
/* End PBXProject section */

/* Begin PBXResourcesBuildPhase section */
		61153DCD29D8F5AA00D4D030 /* Resources */ = {
			isa = PBXResourcesBuildPhase;
			buildActionMask = 2147483647;
			files = (
				13B0547729DB175D006014C0 /* sad.json in Resources */,
				13B0547829DB175D006014C0 /* chik.json in Resources */,
				13B0547529DB175D006014C0 /* password.json in Resources */,
				13B0547E29DB175D006014C0 /* party.json in Resources */,
				1352FF9E29FBD2B9002799A9 /* money.json in Resources */,
				13B0547D29DB175D006014C0 /* wheel.json in Resources */,
				13B0547B29DB175D006014C0 /* list.json in Resources */,
				13B0547629DB175D006014C0 /* teacher.json in Resources */,
				13B0547A29DB175D006014C0 /* crystalSlow.json in Resources */,
				61153DFD29D8F60F00D4D030 /* README.md in Resources */,
				61153DDA29D8F5AB00D4D030 /* Preview Assets.xcassets in Resources */,
				13B0547929DB175D006014C0 /* crystal.json in Resources */,
				13B0547C29DB175D006014C0 /* boomstick.json in Resources */,
				61153DD729D8F5AB00D4D030 /* Assets.xcassets in Resources */,
			);
			runOnlyForDeploymentPostprocessing = 0;
		};
		61153DDD29D8F5AB00D4D030 /* Resources */ = {
			isa = PBXResourcesBuildPhase;
			buildActionMask = 2147483647;
			files = (
			);
			runOnlyForDeploymentPostprocessing = 0;
		};
		61153DE729D8F5AB00D4D030 /* Resources */ = {
			isa = PBXResourcesBuildPhase;
			buildActionMask = 2147483647;
			files = (
			);
			runOnlyForDeploymentPostprocessing = 0;
		};
/* End PBXResourcesBuildPhase section */

/* Begin PBXSourcesBuildPhase section */
		61153DCB29D8F5AA00D4D030 /* Sources */ = {
			isa = PBXSourcesBuildPhase;
			buildActionMask = 2147483647;
			files = (
				1352FFA229FBD541002799A9 /* SuccessView.swift in Sources */,
				13FDFEC929FC5E8000402AF9 /* CommentTextField.swift in Sources */,
				6ED77F7429EF0466004341AC /* LocalAuthenticationReducer.swift in Sources */,
				613E65EF2A1B313C009BC34B /* TransactionReducer.swift in Sources */,
				134136562A16BB190046B2C5 /* DigitsStringModifier.swift in Sources */,
				61374DDB2A19F84C00E44207 /* ChatBubble.swift in Sources */,
				6152F1802A04193500F97845 /* SSignal+Combine.m in Sources */,
				6E11702929EEE9EE00DE473F /* LocalAuthenticationView.swift in Sources */,
				61DA64A929EBDE9D009F8202 /* ImportFailureView.swift in Sources */,
				6152F1932A04193500F97845 /* SSignal+Dispatch.m in Sources */,
				6E3EC13429DB0AB10050AA75 /* TonWalletManager.swift in Sources */,
				6152F1832A04193500F97845 /* SSignal+Meta.m in Sources */,
				6E38004929DE048E002D6868 /* RecoveryPhraseView.swift in Sources */,
				61931DD329FE662B00F54C64 /* Signal_Meta.swift in Sources */,
				61931DC629FE662B00F54C64 /* Multicast.swift in Sources */,
				6E4CB0CE2A1556C8003A3B8A /* ConfirmView.swift in Sources */,
				61931DD129FE662B00F54C64 /* Signal_Combine.swift in Sources */,
				613E65F42A1B31AA009BC34B /* Date+String.swift in Sources */,
				6E62AEBA2A0FBBE6002EB7ED /* String+Double.swift in Sources */,
				6152F1812A04193500F97845 /* SSignal+Pipe.m in Sources */,
				6152F18E2A04193500F97845 /* SSignal+SideEffects.m in Sources */,
				6152F1942A04193500F97845 /* SSignal+Accumulate.m in Sources */,
				61B38D5A2A0001DF007BFE31 /* PendingReducer.swift in Sources */,
				6152F17E2A04193500F97845 /* SSignal+Timing.m in Sources */,
				61153E0529D8FB0300D4D030 /* StartView.swift in Sources */,
				61931DC829FE662B00F54C64 /* Signal_Single.swift in Sources */,
				61153E0929D8FBDC00D4D030 /* StartReducer.swift in Sources */,
				6152F1902A04193500F97845 /* SVariable.m in Sources */,
				61931DC429FE662B00F54C64 /* QueueLocalObject.swift in Sources */,
				6152F17F2A04193500F97845 /* STimer.m in Sources */,
				6E5D444529DC6406000F95CE /* ButtonTextStyle.swift in Sources */,
				615EDE2329EB41F200D3A220 /* ImportPhraseReducer.swift in Sources */,
				61931DC929FE662B00F54C64 /* Signal_Take.swift in Sources */,
				61931DD229FE662B00F54C64 /* Signal_Timing.swift in Sources */,
				61931DC529FE662B00F54C64 /* Disposable.swift in Sources */,
				6EBB474E29F1303D00216832 /* ReadyToGoView.swift in Sources */,
				13FDFEC129FBFA7200402AF9 /* SuccessReducer.swift in Sources */,
				614B7CF52A1B6E700063C6FE /* TransactionListItemView.swift in Sources */,
				613E65FA2A1B3881009BC34B /* View+CornerRadius.swift in Sources */,
				612828382A18BD1D00C5F5BA /* SendReducer.swift in Sources */,
				615EDE2B29EB4B1400D3A220 /* ImportSuccessView.swift in Sources */,
				6152F1842A04193500F97845 /* SSignal+Multicast.m in Sources */,
				134136522A13B2230046B2C5 /* EnterAmountView.swift in Sources */,
				61B38D5B2A0001E5007BFE31 /* ConfirmReducer.swift in Sources */,
				61931DBF29FE662B00F54C64 /* Signal_Merge.swift in Sources */,
				613E65F62A1B3209009BC34B /* TransactionAmountView.swift in Sources */,
				131044FB29DE072500987E07 /* BlankTextButtonStyle.swift in Sources */,
				613D3A0029FEC6AA00243B2E /* RecieveTonView.swift in Sources */,
				6133A79D29E1623A008BDF34 /* LegacyTextField.swift in Sources */,
				61931DC729FE662B00F54C64 /* Bag.swift in Sources */,
				6152F18F2A04193500F97845 /* SThreadPoolQueue.m in Sources */,
				61B38D5C2A0001FA007BFE31 /* WideBlueTextButtonStyle.swift in Sources */,
				61931DD829FE6BE500F54C64 /* ImageCorner.swift in Sources */,
				61931DBA29FE662B00F54C64 /* Subscriber.swift in Sources */,
				6152F1912A04193500F97845 /* SBag.m in Sources */,
				614B7D042A1B857B0063C6FE /* ScanQRCodeView.swift in Sources */,
				134136542A16B4A20046B2C5 /* TransactionView.swift in Sources */,
				615EDE2929EB4AF800D3A220 /* ImportSuccessReducer.swift in Sources */,
				61931DCE29FE662B00F54C64 /* ValuePipe.swift in Sources */,
				13B0548429DC359C006014C0 /* CongratulationReducer.swift in Sources */,
				6152F1882A04193500F97845 /* SSubscriber.m in Sources */,
				13B0548029DB17EB006014C0 /* LottieView.swift in Sources */,
				6152F18B2A04193500F97845 /* SMulticastSignalManager.m in Sources */,
				61DA64A729EBDE80009F8202 /* ImportFailureReducer.swift in Sources */,
				61153DD529D8F5AA00D4D030 /* ContentView.swift in Sources */,
				61931DCC29FE662B00F54C64 /* Queue.swift in Sources */,
				6152F1822A04193500F97845 /* SThreadPool.m in Sources */,
				6152F18D2A04193500F97845 /* SDisposableSet.m in Sources */,
				615017B829E0055500AF963D /* TestTimeReducer.swift in Sources */,
				13D218F02A04F964001F351C /* SendView.swift in Sources */,
				6152F1892A04193500F97845 /* SSignal+Mapping.m in Sources */,
				61931DCF29FE662B00F54C64 /* Signal_Loop.swift in Sources */,
				6E4CB0CD2A1553B5003A3B8A /* EnterAmountReducer.swift in Sources */,
				61931DC329FE662B00F54C64 /* Signal_Dispatch.swift in Sources */,
				61931DD629FE6B9C00F54C64 /* TransformImageArguments.swift in Sources */,
				61931DBB29FE662B00F54C64 /* ThreadPool.swift in Sources */,
				6152F1952A04193500F97845 /* SQueue.m in Sources */,
				61931DD029FE662B00F54C64 /* Signal.swift in Sources */,
				615017BF29E019A200AF963D /* PasscodeView+Reducer.swift in Sources */,
				61931DBC29FE662B00F54C64 /* Signal_Catch.swift in Sources */,
				6152F1862A04193500F97845 /* SSignal+Single.m in Sources */,
				13034BFA2A1B791A007590A2 /* LockView.swift in Sources */,
				61931DC229FE662B00F54C64 /* Timer.swift in Sources */,
				615017BA29E0056D00AF963D /* TestTimeView.swift in Sources */,
				615EDE2529EB420600D3A220 /* ImportPhraseView.swift in Sources */,
				61931DCB29FE662B00F54C64 /* Promise.swift in Sources */,
				61931DC129FE662B00F54C64 /* Lock.swift in Sources */,
				13B0548229DC353D006014C0 /* CongratulationView.swift in Sources */,
				61931DBE29FE662B00F54C64 /* Signal_Reduce.swift in Sources */,
				61931DDC29FE720400F54C64 /* UIKit+Utils.swift in Sources */,
				6E38004729DE0464002D6868 /* RecoveryPhraseReducer.swift in Sources */,
				6152F18C2A04193500F97845 /* SThreadPoolTask.m in Sources */,
				61374DE92A1A4FD500E44207 /* CustomProgressView.swift in Sources */,
				61931DC029FE662B00F54C64 /* Signal_Mapping.swift in Sources */,
				61760F4929F9B0A100B2770C /* TonKeyStore.swift in Sources */,
				61931DCD29FE662B00F54C64 /* Atomic.swift in Sources */,
				61931D4929FE62E700F54C64 /* QrCode.swift in Sources */,
				61760F4C29F9BF1C00B2770C /* MainView.swift in Sources */,
				6128283A2A18BD7500C5F5BA /* Transaction1.swift in Sources */,
				61931DDA29FE707E00F54C64 /* DrawingContext.swift in Sources */,
				6152F1922A04193500F97845 /* SSignal+Take.m in Sources */,
				6152F1852A04193500F97845 /* SBlockDisposable.m in Sources */,
				6152F18A2A04193500F97845 /* SMetaDisposable.m in Sources */,
				6152F1872A04193500F97845 /* SAtomic.m in Sources */,
				61931DCA29FE662B00F54C64 /* Signal_SideEffects.swift in Sources */,
				6EBB475029F1304B00216832 /* ReadyToGoReducer.swift in Sources */,
				6152F17D2A04193500F97845 /* SSignal+Catch.m in Sources */,
				61931DBD29FE662B00F54C64 /* Signal_Materialize.swift in Sources */,
				13034BF82A1B68AE007590A2 /* SettingsView.swift in Sources */,
				6158D4E129EA88DB00AC467C /* ConfirmPasscodeView+Reducer.swift in Sources */,
				6152F1962A04193500F97845 /* SSignal.m in Sources */,
				61DBEDA42A19013800312268 /* MainViewReducer.swift in Sources */,
				61374DE72A1A46D300E44207 /* LoadingViewStyle.swift in Sources */,
				1352FF9C29FBCEC3002799A9 /* PendingView.swift in Sources */,
				61153DD329D8F5AA00D4D030 /* TonWalletContestApp.swift in Sources */,
			);
			runOnlyForDeploymentPostprocessing = 0;
		};
		61153DDB29D8F5AB00D4D030 /* Sources */ = {
			isa = PBXSourcesBuildPhase;
			buildActionMask = 2147483647;
			files = (
				61153DE429D8F5AB00D4D030 /* TonWalletContestTests.swift in Sources */,
			);
			runOnlyForDeploymentPostprocessing = 0;
		};
		61153DE529D8F5AB00D4D030 /* Sources */ = {
			isa = PBXSourcesBuildPhase;
			buildActionMask = 2147483647;
			files = (
				61153DF029D8F5AB00D4D030 /* TonWalletContestUITestsLaunchTests.swift in Sources */,
				61153DEE29D8F5AB00D4D030 /* TonWalletContestUITests.swift in Sources */,
			);
			runOnlyForDeploymentPostprocessing = 0;
		};
/* End PBXSourcesBuildPhase section */

/* Begin PBXTargetDependency section */
		61153DE129D8F5AB00D4D030 /* PBXTargetDependency */ = {
			isa = PBXTargetDependency;
			target = 61153DCE29D8F5AA00D4D030 /* TonWalletContest */;
			targetProxy = 61153DE029D8F5AB00D4D030 /* PBXContainerItemProxy */;
		};
		61153DEB29D8F5AB00D4D030 /* PBXTargetDependency */ = {
			isa = PBXTargetDependency;
			target = 61153DCE29D8F5AA00D4D030 /* TonWalletContest */;
			targetProxy = 61153DEA29D8F5AB00D4D030 /* PBXContainerItemProxy */;
		};
/* End PBXTargetDependency section */

/* Begin XCBuildConfiguration section */
		61153DF129D8F5AB00D4D030 /* Debug */ = {
			isa = XCBuildConfiguration;
			buildSettings = {
				ALWAYS_SEARCH_USER_PATHS = NO;
				CLANG_ANALYZER_NONNULL = YES;
				CLANG_ANALYZER_NUMBER_OBJECT_CONVERSION = YES_AGGRESSIVE;
				CLANG_CXX_LANGUAGE_STANDARD = "gnu++20";
				CLANG_ENABLE_MODULES = YES;
				CLANG_ENABLE_OBJC_ARC = YES;
				CLANG_ENABLE_OBJC_WEAK = YES;
				CLANG_WARN_BLOCK_CAPTURE_AUTORELEASING = YES;
				CLANG_WARN_BOOL_CONVERSION = YES;
				CLANG_WARN_COMMA = YES;
				CLANG_WARN_CONSTANT_CONVERSION = YES;
				CLANG_WARN_DEPRECATED_OBJC_IMPLEMENTATIONS = YES;
				CLANG_WARN_DIRECT_OBJC_ISA_USAGE = YES_ERROR;
				CLANG_WARN_DOCUMENTATION_COMMENTS = YES;
				CLANG_WARN_EMPTY_BODY = YES;
				CLANG_WARN_ENUM_CONVERSION = YES;
				CLANG_WARN_INFINITE_RECURSION = YES;
				CLANG_WARN_INT_CONVERSION = YES;
				CLANG_WARN_NON_LITERAL_NULL_CONVERSION = YES;
				CLANG_WARN_OBJC_IMPLICIT_RETAIN_SELF = YES;
				CLANG_WARN_OBJC_LITERAL_CONVERSION = YES;
				CLANG_WARN_OBJC_ROOT_CLASS = YES_ERROR;
				CLANG_WARN_QUOTED_INCLUDE_IN_FRAMEWORK_HEADER = YES;
				CLANG_WARN_RANGE_LOOP_ANALYSIS = YES;
				CLANG_WARN_STRICT_PROTOTYPES = YES;
				CLANG_WARN_SUSPICIOUS_MOVE = YES;
				CLANG_WARN_UNGUARDED_AVAILABILITY = YES_AGGRESSIVE;
				CLANG_WARN_UNREACHABLE_CODE = YES;
				CLANG_WARN__DUPLICATE_METHOD_MATCH = YES;
				COPY_PHASE_STRIP = NO;
				DEBUG_INFORMATION_FORMAT = dwarf;
				ENABLE_STRICT_OBJC_MSGSEND = YES;
				ENABLE_TESTABILITY = YES;
				GCC_C_LANGUAGE_STANDARD = gnu11;
				GCC_DYNAMIC_NO_PIC = NO;
				GCC_NO_COMMON_BLOCKS = YES;
				GCC_OPTIMIZATION_LEVEL = 0;
				GCC_PREPROCESSOR_DEFINITIONS = (
					"DEBUG=1",
					"$(inherited)",
				);
				GCC_WARN_64_TO_32_BIT_CONVERSION = YES;
				GCC_WARN_ABOUT_RETURN_TYPE = YES_ERROR;
				GCC_WARN_UNDECLARED_SELECTOR = YES;
				GCC_WARN_UNINITIALIZED_AUTOS = YES_AGGRESSIVE;
				GCC_WARN_UNUSED_FUNCTION = YES;
				GCC_WARN_UNUSED_VARIABLE = YES;
				IPHONEOS_DEPLOYMENT_TARGET = 14.0;
				MTL_ENABLE_DEBUG_INFO = INCLUDE_SOURCE;
				MTL_FAST_MATH = YES;
				ONLY_ACTIVE_ARCH = YES;
				SDKROOT = iphoneos;
				SWIFT_ACTIVE_COMPILATION_CONDITIONS = DEBUG;
				SWIFT_OPTIMIZATION_LEVEL = "-Onone";
			};
			name = Debug;
		};
		61153DF229D8F5AB00D4D030 /* Release */ = {
			isa = XCBuildConfiguration;
			buildSettings = {
				ALWAYS_SEARCH_USER_PATHS = NO;
				CLANG_ANALYZER_NONNULL = YES;
				CLANG_ANALYZER_NUMBER_OBJECT_CONVERSION = YES_AGGRESSIVE;
				CLANG_CXX_LANGUAGE_STANDARD = "gnu++20";
				CLANG_ENABLE_MODULES = YES;
				CLANG_ENABLE_OBJC_ARC = YES;
				CLANG_ENABLE_OBJC_WEAK = YES;
				CLANG_WARN_BLOCK_CAPTURE_AUTORELEASING = YES;
				CLANG_WARN_BOOL_CONVERSION = YES;
				CLANG_WARN_COMMA = YES;
				CLANG_WARN_CONSTANT_CONVERSION = YES;
				CLANG_WARN_DEPRECATED_OBJC_IMPLEMENTATIONS = YES;
				CLANG_WARN_DIRECT_OBJC_ISA_USAGE = YES_ERROR;
				CLANG_WARN_DOCUMENTATION_COMMENTS = YES;
				CLANG_WARN_EMPTY_BODY = YES;
				CLANG_WARN_ENUM_CONVERSION = YES;
				CLANG_WARN_INFINITE_RECURSION = YES;
				CLANG_WARN_INT_CONVERSION = YES;
				CLANG_WARN_NON_LITERAL_NULL_CONVERSION = YES;
				CLANG_WARN_OBJC_IMPLICIT_RETAIN_SELF = YES;
				CLANG_WARN_OBJC_LITERAL_CONVERSION = YES;
				CLANG_WARN_OBJC_ROOT_CLASS = YES_ERROR;
				CLANG_WARN_QUOTED_INCLUDE_IN_FRAMEWORK_HEADER = YES;
				CLANG_WARN_RANGE_LOOP_ANALYSIS = YES;
				CLANG_WARN_STRICT_PROTOTYPES = YES;
				CLANG_WARN_SUSPICIOUS_MOVE = YES;
				CLANG_WARN_UNGUARDED_AVAILABILITY = YES_AGGRESSIVE;
				CLANG_WARN_UNREACHABLE_CODE = YES;
				CLANG_WARN__DUPLICATE_METHOD_MATCH = YES;
				COPY_PHASE_STRIP = NO;
				DEBUG_INFORMATION_FORMAT = "dwarf-with-dsym";
				ENABLE_NS_ASSERTIONS = NO;
				ENABLE_STRICT_OBJC_MSGSEND = YES;
				GCC_C_LANGUAGE_STANDARD = gnu11;
				GCC_NO_COMMON_BLOCKS = YES;
				GCC_WARN_64_TO_32_BIT_CONVERSION = YES;
				GCC_WARN_ABOUT_RETURN_TYPE = YES_ERROR;
				GCC_WARN_UNDECLARED_SELECTOR = YES;
				GCC_WARN_UNINITIALIZED_AUTOS = YES_AGGRESSIVE;
				GCC_WARN_UNUSED_FUNCTION = YES;
				GCC_WARN_UNUSED_VARIABLE = YES;
				IPHONEOS_DEPLOYMENT_TARGET = 14.0;
				MTL_ENABLE_DEBUG_INFO = NO;
				MTL_FAST_MATH = YES;
				SDKROOT = iphoneos;
				SWIFT_COMPILATION_MODE = wholemodule;
				SWIFT_OPTIMIZATION_LEVEL = "-O";
				VALIDATE_PRODUCT = YES;
			};
			name = Release;
		};
		61153DF429D8F5AB00D4D030 /* Debug */ = {
			isa = XCBuildConfiguration;
			buildSettings = {
				ASSETCATALOG_COMPILER_APPICON_NAME = AppIcon;
				ASSETCATALOG_COMPILER_GLOBAL_ACCENT_COLOR_NAME = AccentColor;
				CODE_SIGN_STYLE = Automatic;
				CURRENT_PROJECT_VERSION = 1;
				DEVELOPMENT_ASSET_PATHS = "\"TonWalletContest/Preview Content\"";
				DEVELOPMENT_TEAM = 8T58FH89LR;
				ENABLE_PREVIEWS = YES;
				GENERATE_INFOPLIST_FILE = YES;
				INFOPLIST_KEY_NSCameraUsageDescription = "I need your camera of fuck off";
				INFOPLIST_KEY_NSFaceIDUsageDescription = "TON Wallet uses biometric authentication to authorize transactions";
				INFOPLIST_KEY_UIApplicationSceneManifest_Generation = YES;
				INFOPLIST_KEY_UIApplicationSupportsIndirectInputEvents = YES;
				INFOPLIST_KEY_UILaunchScreen_Generation = YES;
				INFOPLIST_KEY_UISupportedInterfaceOrientations = UIInterfaceOrientationPortrait;
				INFOPLIST_KEY_UIUserInterfaceStyle = Light;
				IPHONEOS_DEPLOYMENT_TARGET = 14.0;
				LD_RUNPATH_SEARCH_PATHS = (
					"$(inherited)",
					"@executable_path/Frameworks",
				);
				MARKETING_VERSION = 1.0;
				PRODUCT_BUNDLE_IDENTIFIER = ton.wallet.contest.elyahk.TonWalletContest;
				PRODUCT_NAME = "$(TARGET_NAME)";
				SUPPORTED_PLATFORMS = "iphoneos iphonesimulator";
				SUPPORTS_MACCATALYST = NO;
				SUPPORTS_MAC_DESIGNED_FOR_IPHONE_IPAD = NO;
				SWIFT_EMIT_LOC_STRINGS = YES;
				SWIFT_VERSION = 5.0;
				TARGETED_DEVICE_FAMILY = 1;
			};
			name = Debug;
		};
		61153DF529D8F5AB00D4D030 /* Release */ = {
			isa = XCBuildConfiguration;
			buildSettings = {
				ASSETCATALOG_COMPILER_APPICON_NAME = AppIcon;
				ASSETCATALOG_COMPILER_GLOBAL_ACCENT_COLOR_NAME = AccentColor;
				CODE_SIGN_STYLE = Automatic;
				CURRENT_PROJECT_VERSION = 1;
				DEVELOPMENT_ASSET_PATHS = "\"TonWalletContest/Preview Content\"";
				DEVELOPMENT_TEAM = 8T58FH89LR;
				ENABLE_PREVIEWS = YES;
				GENERATE_INFOPLIST_FILE = YES;
				INFOPLIST_KEY_NSCameraUsageDescription = "I need your camera of fuck off";
				INFOPLIST_KEY_NSFaceIDUsageDescription = "TON Wallet uses biometric authentication to authorize transactions";
				INFOPLIST_KEY_UIApplicationSceneManifest_Generation = YES;
				INFOPLIST_KEY_UIApplicationSupportsIndirectInputEvents = YES;
				INFOPLIST_KEY_UILaunchScreen_Generation = YES;
				INFOPLIST_KEY_UISupportedInterfaceOrientations = UIInterfaceOrientationPortrait;
				INFOPLIST_KEY_UIUserInterfaceStyle = Light;
				IPHONEOS_DEPLOYMENT_TARGET = 14.0;
				LD_RUNPATH_SEARCH_PATHS = (
					"$(inherited)",
					"@executable_path/Frameworks",
				);
				MARKETING_VERSION = 1.0;
				PRODUCT_BUNDLE_IDENTIFIER = ton.wallet.contest.elyahk.TonWalletContest;
				PRODUCT_NAME = "$(TARGET_NAME)";
				SUPPORTED_PLATFORMS = "iphoneos iphonesimulator";
				SUPPORTS_MACCATALYST = NO;
				SUPPORTS_MAC_DESIGNED_FOR_IPHONE_IPAD = NO;
				SWIFT_EMIT_LOC_STRINGS = YES;
				SWIFT_VERSION = 5.0;
				TARGETED_DEVICE_FAMILY = 1;
			};
			name = Release;
		};
		61153DF729D8F5AB00D4D030 /* Debug */ = {
			isa = XCBuildConfiguration;
			buildSettings = {
				ALWAYS_EMBED_SWIFT_STANDARD_LIBRARIES = YES;
				BUNDLE_LOADER = "$(TEST_HOST)";
				CODE_SIGN_STYLE = Automatic;
				CURRENT_PROJECT_VERSION = 1;
				DEVELOPMENT_TEAM = 8T58FH89LR;
				GENERATE_INFOPLIST_FILE = YES;
				IPHONEOS_DEPLOYMENT_TARGET = 16.2;
				MARKETING_VERSION = 1.0;
				PRODUCT_BUNDLE_IDENTIFIER = ton.wallet.contest.elyahk.TonWalletContestTests;
				PRODUCT_NAME = "$(TARGET_NAME)";
				SWIFT_EMIT_LOC_STRINGS = NO;
				SWIFT_VERSION = 5.0;
				TARGETED_DEVICE_FAMILY = "1,2";
				TEST_HOST = "$(BUILT_PRODUCTS_DIR)/TonWalletContest.app/$(BUNDLE_EXECUTABLE_FOLDER_PATH)/TonWalletContest";
			};
			name = Debug;
		};
		61153DF829D8F5AB00D4D030 /* Release */ = {
			isa = XCBuildConfiguration;
			buildSettings = {
				ALWAYS_EMBED_SWIFT_STANDARD_LIBRARIES = YES;
				BUNDLE_LOADER = "$(TEST_HOST)";
				CODE_SIGN_STYLE = Automatic;
				CURRENT_PROJECT_VERSION = 1;
				DEVELOPMENT_TEAM = 8T58FH89LR;
				GENERATE_INFOPLIST_FILE = YES;
				IPHONEOS_DEPLOYMENT_TARGET = 16.2;
				MARKETING_VERSION = 1.0;
				PRODUCT_BUNDLE_IDENTIFIER = ton.wallet.contest.elyahk.TonWalletContestTests;
				PRODUCT_NAME = "$(TARGET_NAME)";
				SWIFT_EMIT_LOC_STRINGS = NO;
				SWIFT_VERSION = 5.0;
				TARGETED_DEVICE_FAMILY = "1,2";
				TEST_HOST = "$(BUILT_PRODUCTS_DIR)/TonWalletContest.app/$(BUNDLE_EXECUTABLE_FOLDER_PATH)/TonWalletContest";
			};
			name = Release;
		};
		61153DFA29D8F5AB00D4D030 /* Debug */ = {
			isa = XCBuildConfiguration;
			buildSettings = {
				ALWAYS_EMBED_SWIFT_STANDARD_LIBRARIES = YES;
				CODE_SIGN_STYLE = Automatic;
				CURRENT_PROJECT_VERSION = 1;
				DEVELOPMENT_TEAM = 8T58FH89LR;
				GENERATE_INFOPLIST_FILE = YES;
				MARKETING_VERSION = 1.0;
				PRODUCT_BUNDLE_IDENTIFIER = ton.wallet.contest.elyahk.TonWalletContestUITests;
				PRODUCT_NAME = "$(TARGET_NAME)";
				SWIFT_EMIT_LOC_STRINGS = NO;
				SWIFT_VERSION = 5.0;
				TARGETED_DEVICE_FAMILY = "1,2";
				TEST_TARGET_NAME = TonWalletContest;
			};
			name = Debug;
		};
		61153DFB29D8F5AB00D4D030 /* Release */ = {
			isa = XCBuildConfiguration;
			buildSettings = {
				ALWAYS_EMBED_SWIFT_STANDARD_LIBRARIES = YES;
				CODE_SIGN_STYLE = Automatic;
				CURRENT_PROJECT_VERSION = 1;
				DEVELOPMENT_TEAM = 8T58FH89LR;
				GENERATE_INFOPLIST_FILE = YES;
				MARKETING_VERSION = 1.0;
				PRODUCT_BUNDLE_IDENTIFIER = ton.wallet.contest.elyahk.TonWalletContestUITests;
				PRODUCT_NAME = "$(TARGET_NAME)";
				SWIFT_EMIT_LOC_STRINGS = NO;
				SWIFT_VERSION = 5.0;
				TARGETED_DEVICE_FAMILY = "1,2";
				TEST_TARGET_NAME = TonWalletContest;
			};
			name = Release;
		};
/* End XCBuildConfiguration section */

/* Begin XCConfigurationList section */
		61153DCA29D8F5AA00D4D030 /* Build configuration list for PBXProject "TonWalletContest" */ = {
			isa = XCConfigurationList;
			buildConfigurations = (
				61153DF129D8F5AB00D4D030 /* Debug */,
				61153DF229D8F5AB00D4D030 /* Release */,
			);
			defaultConfigurationIsVisible = 0;
			defaultConfigurationName = Release;
		};
		61153DF329D8F5AB00D4D030 /* Build configuration list for PBXNativeTarget "TonWalletContest" */ = {
			isa = XCConfigurationList;
			buildConfigurations = (
				61153DF429D8F5AB00D4D030 /* Debug */,
				61153DF529D8F5AB00D4D030 /* Release */,
			);
			defaultConfigurationIsVisible = 0;
			defaultConfigurationName = Release;
		};
		61153DF629D8F5AB00D4D030 /* Build configuration list for PBXNativeTarget "TonWalletContestTests" */ = {
			isa = XCConfigurationList;
			buildConfigurations = (
				61153DF729D8F5AB00D4D030 /* Debug */,
				61153DF829D8F5AB00D4D030 /* Release */,
			);
			defaultConfigurationIsVisible = 0;
			defaultConfigurationName = Release;
		};
		61153DF929D8F5AB00D4D030 /* Build configuration list for PBXNativeTarget "TonWalletContestUITests" */ = {
			isa = XCConfigurationList;
			buildConfigurations = (
				61153DFA29D8F5AB00D4D030 /* Debug */,
				61153DFB29D8F5AB00D4D030 /* Release */,
			);
			defaultConfigurationIsVisible = 0;
			defaultConfigurationName = Release;
		};
/* End XCConfigurationList section */

/* Begin XCRemoteSwiftPackageReference section */
		1387C9AA2A083FA800E27DD8 /* XCRemoteSwiftPackageReference "CodeScanner" */ = {
			isa = XCRemoteSwiftPackageReference;
			repositoryURL = "https://github.com/twostraws/CodeScanner";
			requirement = {
				kind = upToNextMajorVersion;
				minimumVersion = 2.0.0;
			};
		};
		13B0546729DB16DB006014C0 /* XCRemoteSwiftPackageReference "lottie-ios" */ = {
			isa = XCRemoteSwiftPackageReference;
			repositoryURL = "https://github.com/airbnb/lottie-ios.git";
			requirement = {
				kind = upToNextMajorVersion;
				minimumVersion = 4.0.0;
			};
		};
		61153DFE29D8F76A00D4D030 /* XCRemoteSwiftPackageReference "SwiftyTON" */ = {
			isa = XCRemoteSwiftPackageReference;
			repositoryURL = "https://github.com/labraburn/SwiftyTON.git";
			requirement = {
				branch = main;
				kind = branch;
			};
		};
		61153E0129D8FA5400D4D030 /* XCRemoteSwiftPackageReference "swift-composable-architecture" */ = {
			isa = XCRemoteSwiftPackageReference;
			repositoryURL = "https://github.com/pointfreeco/swift-composable-architecture.git";
			requirement = {
				branch = "navigation-beta";
				kind = branch;
			};
		};
		619D5DB829E2A75300C01C7A /* XCRemoteSwiftPackageReference "swiftui-navigation" */ = {
			isa = XCRemoteSwiftPackageReference;
			repositoryURL = "https://github.com/pointfreeco/swiftui-navigation.git";
			requirement = {
				kind = upToNextMajorVersion;
				minimumVersion = 0.7.1;
			};
		};
/* End XCRemoteSwiftPackageReference section */

/* Begin XCSwiftPackageProductDependency section */
		1387C9AB2A083FA800E27DD8 /* CodeScanner */ = {
			isa = XCSwiftPackageProductDependency;
			package = 1387C9AA2A083FA800E27DD8 /* XCRemoteSwiftPackageReference "CodeScanner" */;
			productName = CodeScanner;
		};
		13B0546829DB16DB006014C0 /* Lottie */ = {
			isa = XCSwiftPackageProductDependency;
			package = 13B0546729DB16DB006014C0 /* XCRemoteSwiftPackageReference "lottie-ios" */;
			productName = Lottie;
		};
		61153DFF29D8F76A00D4D030 /* SwiftyTON */ = {
			isa = XCSwiftPackageProductDependency;
			package = 61153DFE29D8F76A00D4D030 /* XCRemoteSwiftPackageReference "SwiftyTON" */;
			productName = SwiftyTON;
		};
		61153E0229D8FA5400D4D030 /* ComposableArchitecture */ = {
			isa = XCSwiftPackageProductDependency;
			package = 61153E0129D8FA5400D4D030 /* XCRemoteSwiftPackageReference "swift-composable-architecture" */;
			productName = ComposableArchitecture;
		};
		619D5DB929E2A75300C01C7A /* SwiftUINavigation */ = {
			isa = XCSwiftPackageProductDependency;
			package = 619D5DB829E2A75300C01C7A /* XCRemoteSwiftPackageReference "swiftui-navigation" */;
			productName = SwiftUINavigation;
		};
/* End XCSwiftPackageProductDependency section */
	};
	rootObject = 61153DC729D8F5AA00D4D030 /* Project object */;
}
