// !$*UTF8*$!
{
	archiveVersion = 1;
	classes = {
	};
	objectVersion = 56;
	objects = {

/* Begin PBXBuildFile section */
		131044FB29DE072500987E07 /* BlankTextButtonStyle.swift in Sources */ = {isa = PBXBuildFile; fileRef = 131044FA29DE072500987E07 /* BlankTextButtonStyle.swift */; };
		13B0546929DB16DB006014C0 /* Lottie in Frameworks */ = {isa = PBXBuildFile; productRef = 13B0546829DB16DB006014C0 /* Lottie */; };
		13B0547529DB175D006014C0 /* password.json in Resources */ = {isa = PBXBuildFile; fileRef = 13B0546B29DB175D006014C0 /* password.json */; };
		13B0547629DB175D006014C0 /* teacher.json in Resources */ = {isa = PBXBuildFile; fileRef = 13B0546C29DB175D006014C0 /* teacher.json */; };
		13B0547729DB175D006014C0 /* sad.json in Resources */ = {isa = PBXBuildFile; fileRef = 13B0546D29DB175D006014C0 /* sad.json */; };
		13B0547829DB175D006014C0 /* chik.json in Resources */ = {isa = PBXBuildFile; fileRef = 13B0546E29DB175D006014C0 /* chik.json */; };
		13B0547929DB175D006014C0 /* crystal.json in Resources */ = {isa = PBXBuildFile; fileRef = 13B0546F29DB175D006014C0 /* crystal.json */; };
		13B0547A29DB175D006014C0 /* crystalSlow.json in Resources */ = {isa = PBXBuildFile; fileRef = 13B0547029DB175D006014C0 /* crystalSlow.json */; };
		13B0547B29DB175D006014C0 /* list.json in Resources */ = {isa = PBXBuildFile; fileRef = 13B0547129DB175D006014C0 /* list.json */; };
		13B0547C29DB175D006014C0 /* boomstick.json in Resources */ = {isa = PBXBuildFile; fileRef = 13B0547229DB175D006014C0 /* boomstick.json */; };
		13B0547D29DB175D006014C0 /* wheel.json in Resources */ = {isa = PBXBuildFile; fileRef = 13B0547329DB175D006014C0 /* wheel.json */; };
		13B0547E29DB175D006014C0 /* party.json in Resources */ = {isa = PBXBuildFile; fileRef = 13B0547429DB175D006014C0 /* party.json */; };
		13B0548029DB17EB006014C0 /* LottieView.swift in Sources */ = {isa = PBXBuildFile; fileRef = 13B0547F29DB17EB006014C0 /* LottieView.swift */; };
		13B0548229DC353D006014C0 /* CongratulationView.swift in Sources */ = {isa = PBXBuildFile; fileRef = 13B0548129DC353D006014C0 /* CongratulationView.swift */; };
		13B0548429DC359C006014C0 /* CongratulationReducer.swift in Sources */ = {isa = PBXBuildFile; fileRef = 13B0548329DC359C006014C0 /* CongratulationReducer.swift */; };
		61153DD329D8F5AA00D4D030 /* TonWalletContestApp.swift in Sources */ = {isa = PBXBuildFile; fileRef = 61153DD229D8F5AA00D4D030 /* TonWalletContestApp.swift */; };
		61153DD529D8F5AA00D4D030 /* ContentView.swift in Sources */ = {isa = PBXBuildFile; fileRef = 61153DD429D8F5AA00D4D030 /* ContentView.swift */; };
		61153DD729D8F5AB00D4D030 /* Assets.xcassets in Resources */ = {isa = PBXBuildFile; fileRef = 61153DD629D8F5AB00D4D030 /* Assets.xcassets */; };
		61153DDA29D8F5AB00D4D030 /* Preview Assets.xcassets in Resources */ = {isa = PBXBuildFile; fileRef = 61153DD929D8F5AB00D4D030 /* Preview Assets.xcassets */; };
		61153DE429D8F5AB00D4D030 /* TonWalletContestTests.swift in Sources */ = {isa = PBXBuildFile; fileRef = 61153DE329D8F5AB00D4D030 /* TonWalletContestTests.swift */; };
		61153DEE29D8F5AB00D4D030 /* TonWalletContestUITests.swift in Sources */ = {isa = PBXBuildFile; fileRef = 61153DED29D8F5AB00D4D030 /* TonWalletContestUITests.swift */; };
		61153DF029D8F5AB00D4D030 /* TonWalletContestUITestsLaunchTests.swift in Sources */ = {isa = PBXBuildFile; fileRef = 61153DEF29D8F5AB00D4D030 /* TonWalletContestUITestsLaunchTests.swift */; };
		61153DFD29D8F60F00D4D030 /* README.md in Resources */ = {isa = PBXBuildFile; fileRef = 61153DFC29D8F60F00D4D030 /* README.md */; };
		61153E0029D8F76A00D4D030 /* SwiftyTON in Frameworks */ = {isa = PBXBuildFile; productRef = 61153DFF29D8F76A00D4D030 /* SwiftyTON */; };
		61153E0329D8FA5400D4D030 /* ComposableArchitecture in Frameworks */ = {isa = PBXBuildFile; productRef = 61153E0229D8FA5400D4D030 /* ComposableArchitecture */; };
		61153E0529D8FB0300D4D030 /* StartView.swift in Sources */ = {isa = PBXBuildFile; fileRef = 61153E0429D8FB0300D4D030 /* StartView.swift */; };
		61153E0929D8FBDC00D4D030 /* StartReducer.swift in Sources */ = {isa = PBXBuildFile; fileRef = 61153E0829D8FBDC00D4D030 /* StartReducer.swift */; };
		6133A79D29E1623A008BDF34 /* LegacyTextField.swift in Sources */ = {isa = PBXBuildFile; fileRef = 6133A79C29E1623A008BDF34 /* LegacyTextField.swift */; };
		615017B829E0055500AF963D /* TestTimeReducer.swift in Sources */ = {isa = PBXBuildFile; fileRef = 615017B729E0055500AF963D /* TestTimeReducer.swift */; };
		615017BA29E0056D00AF963D /* TestTimeView.swift in Sources */ = {isa = PBXBuildFile; fileRef = 615017B929E0056D00AF963D /* TestTimeView.swift */; };
		615017BF29E019A200AF963D /* PasscodeView+Reducer.swift in Sources */ = {isa = PBXBuildFile; fileRef = 615017BE29E019A200AF963D /* PasscodeView+Reducer.swift */; };
		6158D4E129EA88DB00AC467C /* ConfirmPasscodeView+Reducer.swift in Sources */ = {isa = PBXBuildFile; fileRef = 6158D4E029EA88DB00AC467C /* ConfirmPasscodeView+Reducer.swift */; };
		615EDE2329EB41F200D3A220 /* ImportPhraseReducer.swift in Sources */ = {isa = PBXBuildFile; fileRef = 615EDE2229EB41F200D3A220 /* ImportPhraseReducer.swift */; };
		615EDE2529EB420600D3A220 /* ImportPhraseView.swift in Sources */ = {isa = PBXBuildFile; fileRef = 615EDE2429EB420600D3A220 /* ImportPhraseView.swift */; };
		615EDE2929EB4AF800D3A220 /* ImportSuccessReducer.swift in Sources */ = {isa = PBXBuildFile; fileRef = 615EDE2829EB4AF800D3A220 /* ImportSuccessReducer.swift */; };
		615EDE2B29EB4B1400D3A220 /* ImportSuccessView.swift in Sources */ = {isa = PBXBuildFile; fileRef = 615EDE2A29EB4B1400D3A220 /* ImportSuccessView.swift */; };
		619D5DBA29E2A75300C01C7A /* SwiftUINavigation in Frameworks */ = {isa = PBXBuildFile; productRef = 619D5DB929E2A75300C01C7A /* SwiftUINavigation */; };
		61DA64A729EBDE80009F8202 /* ImportFailureReducer.swift in Sources */ = {isa = PBXBuildFile; fileRef = 61DA64A629EBDE80009F8202 /* ImportFailureReducer.swift */; };
		61DA64A929EBDE9D009F8202 /* ImportFailureView.swift in Sources */ = {isa = PBXBuildFile; fileRef = 61DA64A829EBDE9D009F8202 /* ImportFailureView.swift */; };
		6E11702929EEE9EE00DE473F /* LocalAuthenticationView.swift in Sources */ = {isa = PBXBuildFile; fileRef = 6E11702829EEE9EE00DE473F /* LocalAuthenticationView.swift */; };
		6E38004729DE0464002D6868 /* RecoveryPhraseReducer.swift in Sources */ = {isa = PBXBuildFile; fileRef = 6E38004629DE0464002D6868 /* RecoveryPhraseReducer.swift */; };
		6E38004929DE048E002D6868 /* RecoveryPhraseView.swift in Sources */ = {isa = PBXBuildFile; fileRef = 6E38004829DE048E002D6868 /* RecoveryPhraseView.swift */; };
		6E3EC13429DB0AB10050AA75 /* TonWalletManager.swift in Sources */ = {isa = PBXBuildFile; fileRef = 6E3EC13329DB0AB10050AA75 /* TonWalletManager.swift */; };
		6E5D444529DC6406000F95CE /* ButtonTextStyle.swift in Sources */ = {isa = PBXBuildFile; fileRef = 6E5D444429DC6406000F95CE /* ButtonTextStyle.swift */; };
		6EBB474E29F1303D00216832 /* ReadyToGoView.swift in Sources */ = {isa = PBXBuildFile; fileRef = 6EBB474D29F1303D00216832 /* ReadyToGoView.swift */; };
		6EBB475029F1304B00216832 /* ReadyToGoReducer.swift in Sources */ = {isa = PBXBuildFile; fileRef = 6EBB474F29F1304B00216832 /* ReadyToGoReducer.swift */; };
		6ED77F7429EF0466004341AC /* LocalAuthenticationReducer.swift in Sources */ = {isa = PBXBuildFile; fileRef = 6ED77F7329EF0466004341AC /* LocalAuthenticationReducer.swift */; };
/* End PBXBuildFile section */

/* Begin PBXContainerItemProxy section */
		61153DE029D8F5AB00D4D030 /* PBXContainerItemProxy */ = {
			isa = PBXContainerItemProxy;
			containerPortal = 61153DC729D8F5AA00D4D030 /* Project object */;
			proxyType = 1;
			remoteGlobalIDString = 61153DCE29D8F5AA00D4D030;
			remoteInfo = TonWalletContest;
		};
		61153DEA29D8F5AB00D4D030 /* PBXContainerItemProxy */ = {
			isa = PBXContainerItemProxy;
			containerPortal = 61153DC729D8F5AA00D4D030 /* Project object */;
			proxyType = 1;
			remoteGlobalIDString = 61153DCE29D8F5AA00D4D030;
			remoteInfo = TonWalletContest;
		};
/* End PBXContainerItemProxy section */

/* Begin PBXFileReference section */
		131044FA29DE072500987E07 /* BlankTextButtonStyle.swift */ = {isa = PBXFileReference; lastKnownFileType = sourcecode.swift; path = BlankTextButtonStyle.swift; sourceTree = "<group>"; };
		13B0546B29DB175D006014C0 /* password.json */ = {isa = PBXFileReference; fileEncoding = 4; lastKnownFileType = text.json; path = password.json; sourceTree = "<group>"; };
		13B0546C29DB175D006014C0 /* teacher.json */ = {isa = PBXFileReference; fileEncoding = 4; lastKnownFileType = text.json; path = teacher.json; sourceTree = "<group>"; };
		13B0546D29DB175D006014C0 /* sad.json */ = {isa = PBXFileReference; fileEncoding = 4; lastKnownFileType = text.json; path = sad.json; sourceTree = "<group>"; };
		13B0546E29DB175D006014C0 /* chik.json */ = {isa = PBXFileReference; fileEncoding = 4; lastKnownFileType = text.json; path = chik.json; sourceTree = "<group>"; };
		13B0546F29DB175D006014C0 /* crystal.json */ = {isa = PBXFileReference; fileEncoding = 4; lastKnownFileType = text.json; path = crystal.json; sourceTree = "<group>"; };
		13B0547029DB175D006014C0 /* crystalSlow.json */ = {isa = PBXFileReference; fileEncoding = 4; lastKnownFileType = text.json; path = crystalSlow.json; sourceTree = "<group>"; };
		13B0547129DB175D006014C0 /* list.json */ = {isa = PBXFileReference; fileEncoding = 4; lastKnownFileType = text.json; path = list.json; sourceTree = "<group>"; };
		13B0547229DB175D006014C0 /* boomstick.json */ = {isa = PBXFileReference; fileEncoding = 4; lastKnownFileType = text.json; path = boomstick.json; sourceTree = "<group>"; };
		13B0547329DB175D006014C0 /* wheel.json */ = {isa = PBXFileReference; fileEncoding = 4; lastKnownFileType = text.json; path = wheel.json; sourceTree = "<group>"; };
		13B0547429DB175D006014C0 /* party.json */ = {isa = PBXFileReference; fileEncoding = 4; lastKnownFileType = text.json; path = party.json; sourceTree = "<group>"; };
		13B0547F29DB17EB006014C0 /* LottieView.swift */ = {isa = PBXFileReference; lastKnownFileType = sourcecode.swift; name = LottieView.swift; path = TonWalletContest/LottieView.swift; sourceTree = SOURCE_ROOT; };
		13B0548129DC353D006014C0 /* CongratulationView.swift */ = {isa = PBXFileReference; lastKnownFileType = sourcecode.swift; path = CongratulationView.swift; sourceTree = "<group>"; };
		13B0548329DC359C006014C0 /* CongratulationReducer.swift */ = {isa = PBXFileReference; lastKnownFileType = sourcecode.swift; path = CongratulationReducer.swift; sourceTree = "<group>"; };
		61153DCF29D8F5AA00D4D030 /* TonWalletContest.app */ = {isa = PBXFileReference; explicitFileType = wrapper.application; includeInIndex = 0; path = TonWalletContest.app; sourceTree = BUILT_PRODUCTS_DIR; };
		61153DD229D8F5AA00D4D030 /* TonWalletContestApp.swift */ = {isa = PBXFileReference; lastKnownFileType = sourcecode.swift; path = TonWalletContestApp.swift; sourceTree = "<group>"; };
		61153DD429D8F5AA00D4D030 /* ContentView.swift */ = {isa = PBXFileReference; lastKnownFileType = sourcecode.swift; path = ContentView.swift; sourceTree = "<group>"; };
		61153DD629D8F5AB00D4D030 /* Assets.xcassets */ = {isa = PBXFileReference; lastKnownFileType = folder.assetcatalog; path = Assets.xcassets; sourceTree = "<group>"; };
		61153DD929D8F5AB00D4D030 /* Preview Assets.xcassets */ = {isa = PBXFileReference; lastKnownFileType = folder.assetcatalog; path = "Preview Assets.xcassets"; sourceTree = "<group>"; };
		61153DDF29D8F5AB00D4D030 /* TonWalletContestTests.xctest */ = {isa = PBXFileReference; explicitFileType = wrapper.cfbundle; includeInIndex = 0; path = TonWalletContestTests.xctest; sourceTree = BUILT_PRODUCTS_DIR; };
		61153DE329D8F5AB00D4D030 /* TonWalletContestTests.swift */ = {isa = PBXFileReference; lastKnownFileType = sourcecode.swift; path = TonWalletContestTests.swift; sourceTree = "<group>"; };
		61153DE929D8F5AB00D4D030 /* TonWalletContestUITests.xctest */ = {isa = PBXFileReference; explicitFileType = wrapper.cfbundle; includeInIndex = 0; path = TonWalletContestUITests.xctest; sourceTree = BUILT_PRODUCTS_DIR; };
		61153DED29D8F5AB00D4D030 /* TonWalletContestUITests.swift */ = {isa = PBXFileReference; lastKnownFileType = sourcecode.swift; path = TonWalletContestUITests.swift; sourceTree = "<group>"; };
		61153DEF29D8F5AB00D4D030 /* TonWalletContestUITestsLaunchTests.swift */ = {isa = PBXFileReference; lastKnownFileType = sourcecode.swift; path = TonWalletContestUITestsLaunchTests.swift; sourceTree = "<group>"; };
		61153DFC29D8F60F00D4D030 /* README.md */ = {isa = PBXFileReference; lastKnownFileType = net.daringfireball.markdown; path = README.md; sourceTree = "<group>"; };
		61153E0429D8FB0300D4D030 /* StartView.swift */ = {isa = PBXFileReference; lastKnownFileType = sourcecode.swift; path = StartView.swift; sourceTree = "<group>"; };
		61153E0829D8FBDC00D4D030 /* StartReducer.swift */ = {isa = PBXFileReference; lastKnownFileType = sourcecode.swift; path = StartReducer.swift; sourceTree = "<group>"; };
		6133A79C29E1623A008BDF34 /* LegacyTextField.swift */ = {isa = PBXFileReference; lastKnownFileType = sourcecode.swift; path = LegacyTextField.swift; sourceTree = "<group>"; };
		615017B729E0055500AF963D /* TestTimeReducer.swift */ = {isa = PBXFileReference; lastKnownFileType = sourcecode.swift; path = TestTimeReducer.swift; sourceTree = "<group>"; };
		615017B929E0056D00AF963D /* TestTimeView.swift */ = {isa = PBXFileReference; lastKnownFileType = sourcecode.swift; path = TestTimeView.swift; sourceTree = "<group>"; };
		615017BE29E019A200AF963D /* PasscodeView+Reducer.swift */ = {isa = PBXFileReference; lastKnownFileType = sourcecode.swift; path = "PasscodeView+Reducer.swift"; sourceTree = "<group>"; };
		6158D4E029EA88DB00AC467C /* ConfirmPasscodeView+Reducer.swift */ = {isa = PBXFileReference; lastKnownFileType = sourcecode.swift; path = "ConfirmPasscodeView+Reducer.swift"; sourceTree = "<group>"; };
		615EDE2229EB41F200D3A220 /* ImportPhraseReducer.swift */ = {isa = PBXFileReference; lastKnownFileType = sourcecode.swift; path = ImportPhraseReducer.swift; sourceTree = "<group>"; };
		615EDE2429EB420600D3A220 /* ImportPhraseView.swift */ = {isa = PBXFileReference; lastKnownFileType = sourcecode.swift; path = ImportPhraseView.swift; sourceTree = "<group>"; };
		615EDE2829EB4AF800D3A220 /* ImportSuccessReducer.swift */ = {isa = PBXFileReference; lastKnownFileType = sourcecode.swift; path = ImportSuccessReducer.swift; sourceTree = "<group>"; };
		615EDE2A29EB4B1400D3A220 /* ImportSuccessView.swift */ = {isa = PBXFileReference; lastKnownFileType = sourcecode.swift; path = ImportSuccessView.swift; sourceTree = "<group>"; };
		61DA64A629EBDE80009F8202 /* ImportFailureReducer.swift */ = {isa = PBXFileReference; lastKnownFileType = sourcecode.swift; path = ImportFailureReducer.swift; sourceTree = "<group>"; };
		61DA64A829EBDE9D009F8202 /* ImportFailureView.swift */ = {isa = PBXFileReference; lastKnownFileType = sourcecode.swift; path = ImportFailureView.swift; sourceTree = "<group>"; };
		6E11702829EEE9EE00DE473F /* LocalAuthenticationView.swift */ = {isa = PBXFileReference; lastKnownFileType = sourcecode.swift; path = LocalAuthenticationView.swift; sourceTree = "<group>"; };
		6E38004629DE0464002D6868 /* RecoveryPhraseReducer.swift */ = {isa = PBXFileReference; lastKnownFileType = sourcecode.swift; path = RecoveryPhraseReducer.swift; sourceTree = "<group>"; };
		6E38004829DE048E002D6868 /* RecoveryPhraseView.swift */ = {isa = PBXFileReference; lastKnownFileType = sourcecode.swift; path = RecoveryPhraseView.swift; sourceTree = "<group>"; };
		6E3EC13329DB0AB10050AA75 /* TonWalletManager.swift */ = {isa = PBXFileReference; lastKnownFileType = sourcecode.swift; path = TonWalletManager.swift; sourceTree = "<group>"; };
		6E5D444429DC6406000F95CE /* ButtonTextStyle.swift */ = {isa = PBXFileReference; lastKnownFileType = sourcecode.swift; path = ButtonTextStyle.swift; sourceTree = "<group>"; };
		6EBB474D29F1303D00216832 /* ReadyToGoView.swift */ = {isa = PBXFileReference; lastKnownFileType = sourcecode.swift; path = ReadyToGoView.swift; sourceTree = "<group>"; };
		6EBB474F29F1304B00216832 /* ReadyToGoReducer.swift */ = {isa = PBXFileReference; lastKnownFileType = sourcecode.swift; path = ReadyToGoReducer.swift; sourceTree = "<group>"; };
		6ED77F7329EF0466004341AC /* LocalAuthenticationReducer.swift */ = {isa = PBXFileReference; lastKnownFileType = sourcecode.swift; path = LocalAuthenticationReducer.swift; sourceTree = "<group>"; };
/* End PBXFileReference section */

/* Begin PBXFrameworksBuildPhase section */
		61153DCC29D8F5AA00D4D030 /* Frameworks */ = {
			isa = PBXFrameworksBuildPhase;
			buildActionMask = 2147483647;
			files = (
				619D5DBA29E2A75300C01C7A /* SwiftUINavigation in Frameworks */,
				61153E0329D8FA5400D4D030 /* ComposableArchitecture in Frameworks */,
				61153E0029D8F76A00D4D030 /* SwiftyTON in Frameworks */,
				13B0546929DB16DB006014C0 /* Lottie in Frameworks */,
			);
			runOnlyForDeploymentPostprocessing = 0;
		};
		61153DDC29D8F5AB00D4D030 /* Frameworks */ = {
			isa = PBXFrameworksBuildPhase;
			buildActionMask = 2147483647;
			files = (
			);
			runOnlyForDeploymentPostprocessing = 0;
		};
		61153DE629D8F5AB00D4D030 /* Frameworks */ = {
			isa = PBXFrameworksBuildPhase;
			buildActionMask = 2147483647;
			files = (
			);
			runOnlyForDeploymentPostprocessing = 0;
		};
/* End PBXFrameworksBuildPhase section */

/* Begin PBXGroup section */
		13B0546A29DB175D006014C0 /* JsonAnimation */ = {
			isa = PBXGroup;
			children = (
				13B0546B29DB175D006014C0 /* password.json */,
				13B0546C29DB175D006014C0 /* teacher.json */,
				13B0546D29DB175D006014C0 /* sad.json */,
				13B0546E29DB175D006014C0 /* chik.json */,
				13B0546F29DB175D006014C0 /* crystal.json */,
				13B0547029DB175D006014C0 /* crystalSlow.json */,
				13B0547129DB175D006014C0 /* list.json */,
				13B0547229DB175D006014C0 /* boomstick.json */,
				13B0547329DB175D006014C0 /* wheel.json */,
				13B0547429DB175D006014C0 /* party.json */,
			);
			path = JsonAnimation;
			sourceTree = "<group>";
		};
		61153DC629D8F5AA00D4D030 = {
			isa = PBXGroup;
			children = (
				61153DFC29D8F60F00D4D030 /* README.md */,
				61153DD129D8F5AA00D4D030 /* TonWalletContest */,
				61153DE229D8F5AB00D4D030 /* TonWalletContestTests */,
				61153DEC29D8F5AB00D4D030 /* TonWalletContestUITests */,
				61153DD029D8F5AA00D4D030 /* Products */,
			);
			sourceTree = "<group>";
		};
		61153DD029D8F5AA00D4D030 /* Products */ = {
			isa = PBXGroup;
			children = (
				61153DCF29D8F5AA00D4D030 /* TonWalletContest.app */,
				61153DDF29D8F5AB00D4D030 /* TonWalletContestTests.xctest */,
				61153DE929D8F5AB00D4D030 /* TonWalletContestUITests.xctest */,
			);
			name = Products;
			sourceTree = "<group>";
		};
		61153DD129D8F5AA00D4D030 /* TonWalletContest */ = {
			isa = PBXGroup;
			children = (
				6E3EC13229DB0A4D0050AA75 /* Manager */,
				6E5D444329DC63EC000F95CE /* Extensions */,
				61153DD229D8F5AA00D4D030 /* TonWalletContestApp.swift */,
				61153DD429D8F5AA00D4D030 /* ContentView.swift */,
				13B0547F29DB17EB006014C0 /* LottieView.swift */,
				61153DD629D8F5AB00D4D030 /* Assets.xcassets */,
				13B0546A29DB175D006014C0 /* JsonAnimation */,
				61153DD829D8F5AB00D4D030 /* Preview Content */,
				61153E0629D8FB0900D4D030 /* View */,
			);
			path = TonWalletContest;
			sourceTree = "<group>";
		};
		61153DD829D8F5AB00D4D030 /* Preview Content */ = {
			isa = PBXGroup;
			children = (
				61153DD929D8F5AB00D4D030 /* Preview Assets.xcassets */,
			);
			path = "Preview Content";
			sourceTree = "<group>";
		};
		61153DE229D8F5AB00D4D030 /* TonWalletContestTests */ = {
			isa = PBXGroup;
			children = (
				61153DE329D8F5AB00D4D030 /* TonWalletContestTests.swift */,
			);
			path = TonWalletContestTests;
			sourceTree = "<group>";
		};
		61153DEC29D8F5AB00D4D030 /* TonWalletContestUITests */ = {
			isa = PBXGroup;
			children = (
				61153DED29D8F5AB00D4D030 /* TonWalletContestUITests.swift */,
				61153DEF29D8F5AB00D4D030 /* TonWalletContestUITestsLaunchTests.swift */,
			);
			path = TonWalletContestUITests;
			sourceTree = "<group>";
		};
		61153E0629D8FB0900D4D030 /* View */ = {
			isa = PBXGroup;
			children = (
				6133A79B29E1622E008BDF34 /* CustomViews */,
				615017B529E0050800AF963D /* Authorazation */,
			);
			path = View;
			sourceTree = "<group>";
		};
		6133A79B29E1622E008BDF34 /* CustomViews */ = {
			isa = PBXGroup;
			children = (
				6133A79C29E1623A008BDF34 /* LegacyTextField.swift */,
			);
			path = CustomViews;
			sourceTree = "<group>";
		};
		615017B329E004E500AF963D /* Congratulations */ = {
			isa = PBXGroup;
			children = (
				13B0548329DC359C006014C0 /* CongratulationReducer.swift */,
				13B0548129DC353D006014C0 /* CongratulationView.swift */,
			);
			path = Congratulations;
			sourceTree = "<group>";
		};
		615017B429E004F400AF963D /* RecoveryPhrase */ = {
			isa = PBXGroup;
			children = (
				6E38004629DE0464002D6868 /* RecoveryPhraseReducer.swift */,
				6E38004829DE048E002D6868 /* RecoveryPhraseView.swift */,
			);
			path = RecoveryPhrase;
			sourceTree = "<group>";
		};
		615017B529E0050800AF963D /* Authorazation */ = {
			isa = PBXGroup;
			children = (
				6EBB475129F1315900216832 /* ReadyToGo */,
				6ED77F7229EF044B004341AC /* LocalAuthentication */,
				61DA64A529EBDE68009F8202 /* ImportFailure */,
				615EDE2729EB4AD800D3A220 /* ImportSuccess */,
				615EDE2629EB437800D3A220 /* ImportPhrase */,
				615017BB29E0188400AF963D /* Passcode */,
				615017B629E0052200AF963D /* TestTime */,
				615017B429E004F400AF963D /* RecoveryPhrase */,
				615017B329E004E500AF963D /* Congratulations */,
				61CC226129DA089400834E86 /* Start */,
			);
			path = Authorazation;
			sourceTree = "<group>";
		};
		615017B629E0052200AF963D /* TestTime */ = {
			isa = PBXGroup;
			children = (
				615017B729E0055500AF963D /* TestTimeReducer.swift */,
				615017B929E0056D00AF963D /* TestTimeView.swift */,
			);
			path = TestTime;
			sourceTree = "<group>";
		};
		615017BB29E0188400AF963D /* Passcode */ = {
			isa = PBXGroup;
			children = (
				6158D4E029EA88DB00AC467C /* ConfirmPasscodeView+Reducer.swift */,
				615017BE29E019A200AF963D /* PasscodeView+Reducer.swift */,
			);
			path = Passcode;
			sourceTree = "<group>";
		};
		615EDE2629EB437800D3A220 /* ImportPhrase */ = {
			isa = PBXGroup;
			children = (
				615EDE2229EB41F200D3A220 /* ImportPhraseReducer.swift */,
				615EDE2429EB420600D3A220 /* ImportPhraseView.swift */,
			);
			path = ImportPhrase;
			sourceTree = "<group>";
		};
		615EDE2729EB4AD800D3A220 /* ImportSuccess */ = {
			isa = PBXGroup;
			children = (
				615EDE2829EB4AF800D3A220 /* ImportSuccessReducer.swift */,
				615EDE2A29EB4B1400D3A220 /* ImportSuccessView.swift */,
			);
			path = ImportSuccess;
			sourceTree = "<group>";
		};
		61CC226129DA089400834E86 /* Start */ = {
			isa = PBXGroup;
			children = (
				61153E0829D8FBDC00D4D030 /* StartReducer.swift */,
				61153E0429D8FB0300D4D030 /* StartView.swift */,
			);
			path = Start;
			sourceTree = "<group>";
		};
		61DA64A529EBDE68009F8202 /* ImportFailure */ = {
			isa = PBXGroup;
			children = (
				61DA64A629EBDE80009F8202 /* ImportFailureReducer.swift */,
				61DA64A829EBDE9D009F8202 /* ImportFailureView.swift */,
			);
			path = ImportFailure;
			sourceTree = "<group>";
		};
		6E3EC13229DB0A4D0050AA75 /* Manager */ = {
			isa = PBXGroup;
			children = (
				6E3EC13329DB0AB10050AA75 /* TonWalletManager.swift */,
			);
			path = Manager;
			sourceTree = "<group>";
		};
		6E5D444329DC63EC000F95CE /* Extensions */ = {
			isa = PBXGroup;
			children = (
				6E5D444429DC6406000F95CE /* ButtonTextStyle.swift */,
				131044FA29DE072500987E07 /* BlankTextButtonStyle.swift */,
			);
			path = Extensions;
			sourceTree = "<group>";
		};
		6EBB475129F1315900216832 /* ReadyToGo */ = {
			isa = PBXGroup;
			children = (
				6EBB474F29F1304B00216832 /* ReadyToGoReducer.swift */,
				6EBB474D29F1303D00216832 /* ReadyToGoView.swift */,
			);
			path = ReadyToGo;
			sourceTree = "<group>";
		};
		6ED77F7229EF044B004341AC /* LocalAuthentication */ = {
			isa = PBXGroup;
			children = (
				6E11702829EEE9EE00DE473F /* LocalAuthenticationView.swift */,
				6ED77F7329EF0466004341AC /* LocalAuthenticationReducer.swift */,
			);
			path = LocalAuthentication;
			sourceTree = "<group>";
		};
/* End PBXGroup section */

/* Begin PBXNativeTarget section */
		61153DCE29D8F5AA00D4D030 /* TonWalletContest */ = {
			isa = PBXNativeTarget;
			buildConfigurationList = 61153DF329D8F5AB00D4D030 /* Build configuration list for PBXNativeTarget "TonWalletContest" */;
			buildPhases = (
				61153DCB29D8F5AA00D4D030 /* Sources */,
				61153DCC29D8F5AA00D4D030 /* Frameworks */,
				61153DCD29D8F5AA00D4D030 /* Resources */,
			);
			buildRules = (
			);
			dependencies = (
			);
			name = TonWalletContest;
			packageProductDependencies = (
				61153DFF29D8F76A00D4D030 /* SwiftyTON */,
				61153E0229D8FA5400D4D030 /* ComposableArchitecture */,
				13B0546829DB16DB006014C0 /* Lottie */,
				619D5DB929E2A75300C01C7A /* SwiftUINavigation */,
			);
			productName = TonWalletContest;
			productReference = 61153DCF29D8F5AA00D4D030 /* TonWalletContest.app */;
			productType = "com.apple.product-type.application";
		};
		61153DDE29D8F5AB00D4D030 /* TonWalletContestTests */ = {
			isa = PBXNativeTarget;
			buildConfigurationList = 61153DF629D8F5AB00D4D030 /* Build configuration list for PBXNativeTarget "TonWalletContestTests" */;
			buildPhases = (
				61153DDB29D8F5AB00D4D030 /* Sources */,
				61153DDC29D8F5AB00D4D030 /* Frameworks */,
				61153DDD29D8F5AB00D4D030 /* Resources */,
			);
			buildRules = (
			);
			dependencies = (
				61153DE129D8F5AB00D4D030 /* PBXTargetDependency */,
			);
			name = TonWalletContestTests;
			productName = TonWalletContestTests;
			productReference = 61153DDF29D8F5AB00D4D030 /* TonWalletContestTests.xctest */;
			productType = "com.apple.product-type.bundle.unit-test";
		};
		61153DE829D8F5AB00D4D030 /* TonWalletContestUITests */ = {
			isa = PBXNativeTarget;
			buildConfigurationList = 61153DF929D8F5AB00D4D030 /* Build configuration list for PBXNativeTarget "TonWalletContestUITests" */;
			buildPhases = (
				61153DE529D8F5AB00D4D030 /* Sources */,
				61153DE629D8F5AB00D4D030 /* Frameworks */,
				61153DE729D8F5AB00D4D030 /* Resources */,
			);
			buildRules = (
			);
			dependencies = (
				61153DEB29D8F5AB00D4D030 /* PBXTargetDependency */,
			);
			name = TonWalletContestUITests;
			productName = TonWalletContestUITests;
			productReference = 61153DE929D8F5AB00D4D030 /* TonWalletContestUITests.xctest */;
			productType = "com.apple.product-type.bundle.ui-testing";
		};
/* End PBXNativeTarget section */

/* Begin PBXProject section */
		61153DC729D8F5AA00D4D030 /* Project object */ = {
			isa = PBXProject;
			attributes = {
				BuildIndependentTargetsInParallel = 1;
				LastSwiftUpdateCheck = 1420;
				LastUpgradeCheck = 1420;
				TargetAttributes = {
					61153DCE29D8F5AA00D4D030 = {
						CreatedOnToolsVersion = 14.2;
					};
					61153DDE29D8F5AB00D4D030 = {
						CreatedOnToolsVersion = 14.2;
						TestTargetID = 61153DCE29D8F5AA00D4D030;
					};
					61153DE829D8F5AB00D4D030 = {
						CreatedOnToolsVersion = 14.2;
						TestTargetID = 61153DCE29D8F5AA00D4D030;
					};
				};
			};
			buildConfigurationList = 61153DCA29D8F5AA00D4D030 /* Build configuration list for PBXProject "TonWalletContest" */;
			compatibilityVersion = "Xcode 14.0";
			developmentRegion = en;
			hasScannedForEncodings = 0;
			knownRegions = (
				en,
				Base,
			);
			mainGroup = 61153DC629D8F5AA00D4D030;
			packageReferences = (
				61153DFE29D8F76A00D4D030 /* XCRemoteSwiftPackageReference "SwiftyTON" */,
				61153E0129D8FA5400D4D030 /* XCRemoteSwiftPackageReference "swift-composable-architecture" */,
				13B0546729DB16DB006014C0 /* XCRemoteSwiftPackageReference "lottie-ios" */,
				619D5DB829E2A75300C01C7A /* XCRemoteSwiftPackageReference "swiftui-navigation" */,
			);
			productRefGroup = 61153DD029D8F5AA00D4D030 /* Products */;
			projectDirPath = "";
			projectRoot = "";
			targets = (
				61153DCE29D8F5AA00D4D030 /* TonWalletContest */,
				61153DDE29D8F5AB00D4D030 /* TonWalletContestTests */,
				61153DE829D8F5AB00D4D030 /* TonWalletContestUITests */,
			);
		};
/* End PBXProject section */

/* Begin PBXResourcesBuildPhase section */
		61153DCD29D8F5AA00D4D030 /* Resources */ = {
			isa = PBXResourcesBuildPhase;
			buildActionMask = 2147483647;
			files = (
				13B0547729DB175D006014C0 /* sad.json in Resources */,
				13B0547829DB175D006014C0 /* chik.json in Resources */,
				13B0547529DB175D006014C0 /* password.json in Resources */,
				13B0547E29DB175D006014C0 /* party.json in Resources */,
				13B0547D29DB175D006014C0 /* wheel.json in Resources */,
				13B0547B29DB175D006014C0 /* list.json in Resources */,
				13B0547629DB175D006014C0 /* teacher.json in Resources */,
				13B0547A29DB175D006014C0 /* crystalSlow.json in Resources */,
				61153DFD29D8F60F00D4D030 /* README.md in Resources */,
				61153DDA29D8F5AB00D4D030 /* Preview Assets.xcassets in Resources */,
				13B0547929DB175D006014C0 /* crystal.json in Resources */,
				13B0547C29DB175D006014C0 /* boomstick.json in Resources */,
				61153DD729D8F5AB00D4D030 /* Assets.xcassets in Resources */,
			);
			runOnlyForDeploymentPostprocessing = 0;
		};
		61153DDD29D8F5AB00D4D030 /* Resources */ = {
			isa = PBXResourcesBuildPhase;
			buildActionMask = 2147483647;
			files = (
			);
			runOnlyForDeploymentPostprocessing = 0;
		};
		61153DE729D8F5AB00D4D030 /* Resources */ = {
			isa = PBXResourcesBuildPhase;
			buildActionMask = 2147483647;
			files = (
			);
			runOnlyForDeploymentPostprocessing = 0;
		};
/* End PBXResourcesBuildPhase section */

/* Begin PBXSourcesBuildPhase section */
		61153DCB29D8F5AA00D4D030 /* Sources */ = {
			isa = PBXSourcesBuildPhase;
			buildActionMask = 2147483647;
			files = (
				6ED77F7429EF0466004341AC /* LocalAuthenticationReducer.swift in Sources */,
				6E11702929EEE9EE00DE473F /* LocalAuthenticationView.swift in Sources */,
				61DA64A929EBDE9D009F8202 /* ImportFailureView.swift in Sources */,
				6E3EC13429DB0AB10050AA75 /* TonWalletManager.swift in Sources */,
				6E38004929DE048E002D6868 /* RecoveryPhraseView.swift in Sources */,
				61153E0529D8FB0300D4D030 /* StartView.swift in Sources */,
				61153E0929D8FBDC00D4D030 /* StartReducer.swift in Sources */,
				6E5D444529DC6406000F95CE /* ButtonTextStyle.swift in Sources */,
				615EDE2329EB41F200D3A220 /* ImportPhraseReducer.swift in Sources */,
				6EBB474E29F1303D00216832 /* ReadyToGoView.swift in Sources */,
				615EDE2B29EB4B1400D3A220 /* ImportSuccessView.swift in Sources */,
				131044FB29DE072500987E07 /* BlankTextButtonStyle.swift in Sources */,
				6133A79D29E1623A008BDF34 /* LegacyTextField.swift in Sources */,
				615EDE2929EB4AF800D3A220 /* ImportSuccessReducer.swift in Sources */,
				13B0548429DC359C006014C0 /* CongratulationReducer.swift in Sources */,
				13B0548029DB17EB006014C0 /* LottieView.swift in Sources */,
				61DA64A729EBDE80009F8202 /* ImportFailureReducer.swift in Sources */,
				61153DD529D8F5AA00D4D030 /* ContentView.swift in Sources */,
				615017B829E0055500AF963D /* TestTimeReducer.swift in Sources */,
				615017BF29E019A200AF963D /* PasscodeView+Reducer.swift in Sources */,
				615017BA29E0056D00AF963D /* TestTimeView.swift in Sources */,
				615EDE2529EB420600D3A220 /* ImportPhraseView.swift in Sources */,
				13B0548229DC353D006014C0 /* CongratulationView.swift in Sources */,
				6E38004729DE0464002D6868 /* RecoveryPhraseReducer.swift in Sources */,
				6EBB475029F1304B00216832 /* ReadyToGoReducer.swift in Sources */,
				6158D4E129EA88DB00AC467C /* ConfirmPasscodeView+Reducer.swift in Sources */,
				61153DD329D8F5AA00D4D030 /* TonWalletContestApp.swift in Sources */,
			);
			runOnlyForDeploymentPostprocessing = 0;
		};
		61153DDB29D8F5AB00D4D030 /* Sources */ = {
			isa = PBXSourcesBuildPhase;
			buildActionMask = 2147483647;
			files = (
				61153DE429D8F5AB00D4D030 /* TonWalletContestTests.swift in Sources */,
			);
			runOnlyForDeploymentPostprocessing = 0;
		};
		61153DE529D8F5AB00D4D030 /* Sources */ = {
			isa = PBXSourcesBuildPhase;
			buildActionMask = 2147483647;
			files = (
				61153DF029D8F5AB00D4D030 /* TonWalletContestUITestsLaunchTests.swift in Sources */,
				61153DEE29D8F5AB00D4D030 /* TonWalletContestUITests.swift in Sources */,
			);
			runOnlyForDeploymentPostprocessing = 0;
		};
/* End PBXSourcesBuildPhase section */

/* Begin PBXTargetDependency section */
		61153DE129D8F5AB00D4D030 /* PBXTargetDependency */ = {
			isa = PBXTargetDependency;
			target = 61153DCE29D8F5AA00D4D030 /* TonWalletContest */;
			targetProxy = 61153DE029D8F5AB00D4D030 /* PBXContainerItemProxy */;
		};
		61153DEB29D8F5AB00D4D030 /* PBXTargetDependency */ = {
			isa = PBXTargetDependency;
			target = 61153DCE29D8F5AA00D4D030 /* TonWalletContest */;
			targetProxy = 61153DEA29D8F5AB00D4D030 /* PBXContainerItemProxy */;
		};
/* End PBXTargetDependency section */

/* Begin XCBuildConfiguration section */
		61153DF129D8F5AB00D4D030 /* Debug */ = {
			isa = XCBuildConfiguration;
			buildSettings = {
				ALWAYS_SEARCH_USER_PATHS = NO;
				CLANG_ANALYZER_NONNULL = YES;
				CLANG_ANALYZER_NUMBER_OBJECT_CONVERSION = YES_AGGRESSIVE;
				CLANG_CXX_LANGUAGE_STANDARD = "gnu++20";
				CLANG_ENABLE_MODULES = YES;
				CLANG_ENABLE_OBJC_ARC = YES;
				CLANG_ENABLE_OBJC_WEAK = YES;
				CLANG_WARN_BLOCK_CAPTURE_AUTORELEASING = YES;
				CLANG_WARN_BOOL_CONVERSION = YES;
				CLANG_WARN_COMMA = YES;
				CLANG_WARN_CONSTANT_CONVERSION = YES;
				CLANG_WARN_DEPRECATED_OBJC_IMPLEMENTATIONS = YES;
				CLANG_WARN_DIRECT_OBJC_ISA_USAGE = YES_ERROR;
				CLANG_WARN_DOCUMENTATION_COMMENTS = YES;
				CLANG_WARN_EMPTY_BODY = YES;
				CLANG_WARN_ENUM_CONVERSION = YES;
				CLANG_WARN_INFINITE_RECURSION = YES;
				CLANG_WARN_INT_CONVERSION = YES;
				CLANG_WARN_NON_LITERAL_NULL_CONVERSION = YES;
				CLANG_WARN_OBJC_IMPLICIT_RETAIN_SELF = YES;
				CLANG_WARN_OBJC_LITERAL_CONVERSION = YES;
				CLANG_WARN_OBJC_ROOT_CLASS = YES_ERROR;
				CLANG_WARN_QUOTED_INCLUDE_IN_FRAMEWORK_HEADER = YES;
				CLANG_WARN_RANGE_LOOP_ANALYSIS = YES;
				CLANG_WARN_STRICT_PROTOTYPES = YES;
				CLANG_WARN_SUSPICIOUS_MOVE = YES;
				CLANG_WARN_UNGUARDED_AVAILABILITY = YES_AGGRESSIVE;
				CLANG_WARN_UNREACHABLE_CODE = YES;
				CLANG_WARN__DUPLICATE_METHOD_MATCH = YES;
				COPY_PHASE_STRIP = NO;
				DEBUG_INFORMATION_FORMAT = dwarf;
				ENABLE_STRICT_OBJC_MSGSEND = YES;
				ENABLE_TESTABILITY = YES;
				GCC_C_LANGUAGE_STANDARD = gnu11;
				GCC_DYNAMIC_NO_PIC = NO;
				GCC_NO_COMMON_BLOCKS = YES;
				GCC_OPTIMIZATION_LEVEL = 0;
				GCC_PREPROCESSOR_DEFINITIONS = (
					"DEBUG=1",
					"$(inherited)",
				);
				GCC_WARN_64_TO_32_BIT_CONVERSION = YES;
				GCC_WARN_ABOUT_RETURN_TYPE = YES_ERROR;
				GCC_WARN_UNDECLARED_SELECTOR = YES;
				GCC_WARN_UNINITIALIZED_AUTOS = YES_AGGRESSIVE;
				GCC_WARN_UNUSED_FUNCTION = YES;
				GCC_WARN_UNUSED_VARIABLE = YES;
				IPHONEOS_DEPLOYMENT_TARGET = 14.0;
				MTL_ENABLE_DEBUG_INFO = INCLUDE_SOURCE;
				MTL_FAST_MATH = YES;
				ONLY_ACTIVE_ARCH = YES;
				SDKROOT = iphoneos;
				SWIFT_ACTIVE_COMPILATION_CONDITIONS = DEBUG;
				SWIFT_OPTIMIZATION_LEVEL = "-Onone";
			};
			name = Debug;
		};
		61153DF229D8F5AB00D4D030 /* Release */ = {
			isa = XCBuildConfiguration;
			buildSettings = {
				ALWAYS_SEARCH_USER_PATHS = NO;
				CLANG_ANALYZER_NONNULL = YES;
				CLANG_ANALYZER_NUMBER_OBJECT_CONVERSION = YES_AGGRESSIVE;
				CLANG_CXX_LANGUAGE_STANDARD = "gnu++20";
				CLANG_ENABLE_MODULES = YES;
				CLANG_ENABLE_OBJC_ARC = YES;
				CLANG_ENABLE_OBJC_WEAK = YES;
				CLANG_WARN_BLOCK_CAPTURE_AUTORELEASING = YES;
				CLANG_WARN_BOOL_CONVERSION = YES;
				CLANG_WARN_COMMA = YES;
				CLANG_WARN_CONSTANT_CONVERSION = YES;
				CLANG_WARN_DEPRECATED_OBJC_IMPLEMENTATIONS = YES;
				CLANG_WARN_DIRECT_OBJC_ISA_USAGE = YES_ERROR;
				CLANG_WARN_DOCUMENTATION_COMMENTS = YES;
				CLANG_WARN_EMPTY_BODY = YES;
				CLANG_WARN_ENUM_CONVERSION = YES;
				CLANG_WARN_INFINITE_RECURSION = YES;
				CLANG_WARN_INT_CONVERSION = YES;
				CLANG_WARN_NON_LITERAL_NULL_CONVERSION = YES;
				CLANG_WARN_OBJC_IMPLICIT_RETAIN_SELF = YES;
				CLANG_WARN_OBJC_LITERAL_CONVERSION = YES;
				CLANG_WARN_OBJC_ROOT_CLASS = YES_ERROR;
				CLANG_WARN_QUOTED_INCLUDE_IN_FRAMEWORK_HEADER = YES;
				CLANG_WARN_RANGE_LOOP_ANALYSIS = YES;
				CLANG_WARN_STRICT_PROTOTYPES = YES;
				CLANG_WARN_SUSPICIOUS_MOVE = YES;
				CLANG_WARN_UNGUARDED_AVAILABILITY = YES_AGGRESSIVE;
				CLANG_WARN_UNREACHABLE_CODE = YES;
				CLANG_WARN__DUPLICATE_METHOD_MATCH = YES;
				COPY_PHASE_STRIP = NO;
				DEBUG_INFORMATION_FORMAT = "dwarf-with-dsym";
				ENABLE_NS_ASSERTIONS = NO;
				ENABLE_STRICT_OBJC_MSGSEND = YES;
				GCC_C_LANGUAGE_STANDARD = gnu11;
				GCC_NO_COMMON_BLOCKS = YES;
				GCC_WARN_64_TO_32_BIT_CONVERSION = YES;
				GCC_WARN_ABOUT_RETURN_TYPE = YES_ERROR;
				GCC_WARN_UNDECLARED_SELECTOR = YES;
				GCC_WARN_UNINITIALIZED_AUTOS = YES_AGGRESSIVE;
				GCC_WARN_UNUSED_FUNCTION = YES;
				GCC_WARN_UNUSED_VARIABLE = YES;
				IPHONEOS_DEPLOYMENT_TARGET = 14.0;
				MTL_ENABLE_DEBUG_INFO = NO;
				MTL_FAST_MATH = YES;
				SDKROOT = iphoneos;
				SWIFT_COMPILATION_MODE = wholemodule;
				SWIFT_OPTIMIZATION_LEVEL = "-O";
				VALIDATE_PRODUCT = YES;
			};
			name = Release;
		};
		61153DF429D8F5AB00D4D030 /* Debug */ = {
			isa = XCBuildConfiguration;
			buildSettings = {
				ASSETCATALOG_COMPILER_APPICON_NAME = AppIcon;
				ASSETCATALOG_COMPILER_GLOBAL_ACCENT_COLOR_NAME = AccentColor;
				CODE_SIGN_STYLE = Automatic;
				CURRENT_PROJECT_VERSION = 1;
				DEVELOPMENT_ASSET_PATHS = "\"TonWalletContest/Preview Content\"";
				DEVELOPMENT_TEAM = 3523U23689;
				ENABLE_PREVIEWS = YES;
				GENERATE_INFOPLIST_FILE = YES;
				INFOPLIST_KEY_NSFaceIDUsageDescription = "TON Wallet uses biometric authentication to authorize transactions";
				INFOPLIST_KEY_UIApplicationSceneManifest_Generation = YES;
				INFOPLIST_KEY_UIApplicationSupportsIndirectInputEvents = YES;
				INFOPLIST_KEY_UILaunchScreen_Generation = YES;
				INFOPLIST_KEY_UISupportedInterfaceOrientations_iPad = "UIInterfaceOrientationPortrait UIInterfaceOrientationPortraitUpsideDown UIInterfaceOrientationLandscapeLeft UIInterfaceOrientationLandscapeRight";
				INFOPLIST_KEY_UISupportedInterfaceOrientations_iPhone = "UIInterfaceOrientationPortrait UIInterfaceOrientationLandscapeLeft UIInterfaceOrientationLandscapeRight";
				IPHONEOS_DEPLOYMENT_TARGET = 14.0;
				LD_RUNPATH_SEARCH_PATHS = (
					"$(inherited)",
					"@executable_path/Frameworks",
				);
				MARKETING_VERSION = 1.0;
				PRODUCT_BUNDLE_IDENTIFIER = ton.wallet.contest.elyahk.TonWalletContest;
				PRODUCT_NAME = "$(TARGET_NAME)";
				SWIFT_EMIT_LOC_STRINGS = YES;
				SWIFT_VERSION = 5.0;
				TARGETED_DEVICE_FAMILY = "1,2";
			};
			name = Debug;
		};
		61153DF529D8F5AB00D4D030 /* Release */ = {
			isa = XCBuildConfiguration;
			buildSettings = {
				ASSETCATALOG_COMPILER_APPICON_NAME = AppIcon;
				ASSETCATALOG_COMPILER_GLOBAL_ACCENT_COLOR_NAME = AccentColor;
				CODE_SIGN_STYLE = Automatic;
				CURRENT_PROJECT_VERSION = 1;
				DEVELOPMENT_ASSET_PATHS = "\"TonWalletContest/Preview Content\"";
				DEVELOPMENT_TEAM = 3523U23689;
				ENABLE_PREVIEWS = YES;
				GENERATE_INFOPLIST_FILE = YES;
				INFOPLIST_KEY_NSFaceIDUsageDescription = "TON Wallet uses biometric authentication to authorize transactions";
				INFOPLIST_KEY_UIApplicationSceneManifest_Generation = YES;
				INFOPLIST_KEY_UIApplicationSupportsIndirectInputEvents = YES;
				INFOPLIST_KEY_UILaunchScreen_Generation = YES;
				INFOPLIST_KEY_UISupportedInterfaceOrientations_iPad = "UIInterfaceOrientationPortrait UIInterfaceOrientationPortraitUpsideDown UIInterfaceOrientationLandscapeLeft UIInterfaceOrientationLandscapeRight";
				INFOPLIST_KEY_UISupportedInterfaceOrientations_iPhone = "UIInterfaceOrientationPortrait UIInterfaceOrientationLandscapeLeft UIInterfaceOrientationLandscapeRight";
				IPHONEOS_DEPLOYMENT_TARGET = 14.0;
				LD_RUNPATH_SEARCH_PATHS = (
					"$(inherited)",
					"@executable_path/Frameworks",
				);
				MARKETING_VERSION = 1.0;
				PRODUCT_BUNDLE_IDENTIFIER = ton.wallet.contest.elyahk.TonWalletContest;
				PRODUCT_NAME = "$(TARGET_NAME)";
				SWIFT_EMIT_LOC_STRINGS = YES;
				SWIFT_VERSION = 5.0;
				TARGETED_DEVICE_FAMILY = "1,2";
			};
			name = Release;
		};
		61153DF729D8F5AB00D4D030 /* Debug */ = {
			isa = XCBuildConfiguration;
			buildSettings = {
				ALWAYS_EMBED_SWIFT_STANDARD_LIBRARIES = YES;
				BUNDLE_LOADER = "$(TEST_HOST)";
				CODE_SIGN_STYLE = Automatic;
				CURRENT_PROJECT_VERSION = 1;
				DEVELOPMENT_TEAM = 8T58FH89LR;
				GENERATE_INFOPLIST_FILE = YES;
				IPHONEOS_DEPLOYMENT_TARGET = 16.2;
				MARKETING_VERSION = 1.0;
				PRODUCT_BUNDLE_IDENTIFIER = ton.wallet.contest.elyahk.TonWalletContestTests;
				PRODUCT_NAME = "$(TARGET_NAME)";
				SWIFT_EMIT_LOC_STRINGS = NO;
				SWIFT_VERSION = 5.0;
				TARGETED_DEVICE_FAMILY = "1,2";
				TEST_HOST = "$(BUILT_PRODUCTS_DIR)/TonWalletContest.app/$(BUNDLE_EXECUTABLE_FOLDER_PATH)/TonWalletContest";
			};
			name = Debug;
		};
		61153DF829D8F5AB00D4D030 /* Release */ = {
			isa = XCBuildConfiguration;
			buildSettings = {
				ALWAYS_EMBED_SWIFT_STANDARD_LIBRARIES = YES;
				BUNDLE_LOADER = "$(TEST_HOST)";
				CODE_SIGN_STYLE = Automatic;
				CURRENT_PROJECT_VERSION = 1;
				DEVELOPMENT_TEAM = 8T58FH89LR;
				GENERATE_INFOPLIST_FILE = YES;
				IPHONEOS_DEPLOYMENT_TARGET = 16.2;
				MARKETING_VERSION = 1.0;
				PRODUCT_BUNDLE_IDENTIFIER = ton.wallet.contest.elyahk.TonWalletContestTests;
				PRODUCT_NAME = "$(TARGET_NAME)";
				SWIFT_EMIT_LOC_STRINGS = NO;
				SWIFT_VERSION = 5.0;
				TARGETED_DEVICE_FAMILY = "1,2";
				TEST_HOST = "$(BUILT_PRODUCTS_DIR)/TonWalletContest.app/$(BUNDLE_EXECUTABLE_FOLDER_PATH)/TonWalletContest";
			};
			name = Release;
		};
		61153DFA29D8F5AB00D4D030 /* Debug */ = {
			isa = XCBuildConfiguration;
			buildSettings = {
				ALWAYS_EMBED_SWIFT_STANDARD_LIBRARIES = YES;
				CODE_SIGN_STYLE = Automatic;
				CURRENT_PROJECT_VERSION = 1;
				DEVELOPMENT_TEAM = 8T58FH89LR;
				GENERATE_INFOPLIST_FILE = YES;
				MARKETING_VERSION = 1.0;
				PRODUCT_BUNDLE_IDENTIFIER = ton.wallet.contest.elyahk.TonWalletContestUITests;
				PRODUCT_NAME = "$(TARGET_NAME)";
				SWIFT_EMIT_LOC_STRINGS = NO;
				SWIFT_VERSION = 5.0;
				TARGETED_DEVICE_FAMILY = "1,2";
				TEST_TARGET_NAME = TonWalletContest;
			};
			name = Debug;
		};
		61153DFB29D8F5AB00D4D030 /* Release */ = {
			isa = XCBuildConfiguration;
			buildSettings = {
				ALWAYS_EMBED_SWIFT_STANDARD_LIBRARIES = YES;
				CODE_SIGN_STYLE = Automatic;
				CURRENT_PROJECT_VERSION = 1;
				DEVELOPMENT_TEAM = 8T58FH89LR;
				GENERATE_INFOPLIST_FILE = YES;
				MARKETING_VERSION = 1.0;
				PRODUCT_BUNDLE_IDENTIFIER = ton.wallet.contest.elyahk.TonWalletContestUITests;
				PRODUCT_NAME = "$(TARGET_NAME)";
				SWIFT_EMIT_LOC_STRINGS = NO;
				SWIFT_VERSION = 5.0;
				TARGETED_DEVICE_FAMILY = "1,2";
				TEST_TARGET_NAME = TonWalletContest;
			};
			name = Release;
		};
/* End XCBuildConfiguration section */

/* Begin XCConfigurationList section */
		61153DCA29D8F5AA00D4D030 /* Build configuration list for PBXProject "TonWalletContest" */ = {
			isa = XCConfigurationList;
			buildConfigurations = (
				61153DF129D8F5AB00D4D030 /* Debug */,
				61153DF229D8F5AB00D4D030 /* Release */,
			);
			defaultConfigurationIsVisible = 0;
			defaultConfigurationName = Release;
		};
		61153DF329D8F5AB00D4D030 /* Build configuration list for PBXNativeTarget "TonWalletContest" */ = {
			isa = XCConfigurationList;
			buildConfigurations = (
				61153DF429D8F5AB00D4D030 /* Debug */,
				61153DF529D8F5AB00D4D030 /* Release */,
			);
			defaultConfigurationIsVisible = 0;
			defaultConfigurationName = Release;
		};
		61153DF629D8F5AB00D4D030 /* Build configuration list for PBXNativeTarget "TonWalletContestTests" */ = {
			isa = XCConfigurationList;
			buildConfigurations = (
				61153DF729D8F5AB00D4D030 /* Debug */,
				61153DF829D8F5AB00D4D030 /* Release */,
			);
			defaultConfigurationIsVisible = 0;
			defaultConfigurationName = Release;
		};
		61153DF929D8F5AB00D4D030 /* Build configuration list for PBXNativeTarget "TonWalletContestUITests" */ = {
			isa = XCConfigurationList;
			buildConfigurations = (
				61153DFA29D8F5AB00D4D030 /* Debug */,
				61153DFB29D8F5AB00D4D030 /* Release */,
			);
			defaultConfigurationIsVisible = 0;
			defaultConfigurationName = Release;
		};
/* End XCConfigurationList section */

/* Begin XCRemoteSwiftPackageReference section */
		13B0546729DB16DB006014C0 /* XCRemoteSwiftPackageReference "lottie-ios" */ = {
			isa = XCRemoteSwiftPackageReference;
			repositoryURL = "https://github.com/airbnb/lottie-ios.git";
			requirement = {
				kind = upToNextMajorVersion;
				minimumVersion = 4.0.0;
			};
		};
		61153DFE29D8F76A00D4D030 /* XCRemoteSwiftPackageReference "SwiftyTON" */ = {
			isa = XCRemoteSwiftPackageReference;
			repositoryURL = "https://github.com/labraburn/SwiftyTON.git";
			requirement = {
				branch = main;
				kind = branch;
			};
		};
		61153E0129D8FA5400D4D030 /* XCRemoteSwiftPackageReference "swift-composable-architecture" */ = {
			isa = XCRemoteSwiftPackageReference;
			repositoryURL = "https://github.com/pointfreeco/swift-composable-architecture.git";
			requirement = {
				branch = "navigation-beta";
				kind = branch;
			};
		};
		619D5DB829E2A75300C01C7A /* XCRemoteSwiftPackageReference "swiftui-navigation" */ = {
			isa = XCRemoteSwiftPackageReference;
			repositoryURL = "https://github.com/pointfreeco/swiftui-navigation.git";
			requirement = {
				kind = upToNextMajorVersion;
				minimumVersion = 0.7.1;
			};
		};
/* End XCRemoteSwiftPackageReference section */

/* Begin XCSwiftPackageProductDependency section */
		13B0546829DB16DB006014C0 /* Lottie */ = {
			isa = XCSwiftPackageProductDependency;
			package = 13B0546729DB16DB006014C0 /* XCRemoteSwiftPackageReference "lottie-ios" */;
			productName = Lottie;
		};
		61153DFF29D8F76A00D4D030 /* SwiftyTON */ = {
			isa = XCSwiftPackageProductDependency;
			package = 61153DFE29D8F76A00D4D030 /* XCRemoteSwiftPackageReference "SwiftyTON" */;
			productName = SwiftyTON;
		};
		61153E0229D8FA5400D4D030 /* ComposableArchitecture */ = {
			isa = XCSwiftPackageProductDependency;
			package = 61153E0129D8FA5400D4D030 /* XCRemoteSwiftPackageReference "swift-composable-architecture" */;
			productName = ComposableArchitecture;
		};
		619D5DB929E2A75300C01C7A /* SwiftUINavigation */ = {
			isa = XCSwiftPackageProductDependency;
			package = 619D5DB829E2A75300C01C7A /* XCRemoteSwiftPackageReference "swiftui-navigation" */;
			productName = SwiftUINavigation;
		};
/* End XCSwiftPackageProductDependency section */
	};
	rootObject = 61153DC729D8F5AA00D4D030 /* Project object */;
}
